// !$*UTF8*$!
{
	archiveVersion = 1;
	classes = {
	};
	objectVersion = 46;
	objects = {

/* Begin PBXBuildFile section */
		AE1744C817755777007051FF /* Foundation.framework in Frameworks */ = {isa = PBXBuildFile; fileRef = AE1744C717755777007051FF /* Foundation.framework */; };
		AE1744CF17755777007051FF /* iOSCoreLibrary.m in Sources */ = {isa = PBXBuildFile; fileRef = AE1744CE17755777007051FF /* iOSCoreLibrary.m */; };
		AE17452B177579F7007051FF /* CoreFoundation.framework in Frameworks */ = {isa = PBXBuildFile; fileRef = AE174511177574F5007051FF /* CoreFoundation.framework */; };
		AE174531177579F8007051FF /* InfoPlist.strings in Resources */ = {isa = PBXBuildFile; fileRef = AE17452F177579F8007051FF /* InfoPlist.strings */; };
		AE21AFC61980909C00EE7644 /* ICLColourPickerViewController.h in Headers */ = {isa = PBXBuildFile; fileRef = AE21AFC21980909C00EE7644 /* ICLColourPickerViewController.h */; settings = {ATTRIBUTES = (Public, ); }; };
		AE21AFC71980909C00EE7644 /* ICLColourPickerViewController.m in Sources */ = {isa = PBXBuildFile; fileRef = AE21AFC31980909C00EE7644 /* ICLColourPickerViewController.m */; };
		AE21AFC81980909C00EE7644 /* ICLColourPickerViewController.xib in Resources */ = {isa = PBXBuildFile; fileRef = AE21AFC41980909C00EE7644 /* ICLColourPickerViewController.xib */; };
		AE21AFC91980909C00EE7644 /* ICLColourPickerViewController~iPhone.xib in Resources */ = {isa = PBXBuildFile; fileRef = AE21AFC51980909C00EE7644 /* ICLColourPickerViewController~iPhone.xib */; };
		AE21AFCA198090A900EE7644 /* ICLColourPickerViewController.xib in Resources */ = {isa = PBXBuildFile; fileRef = AE21AFC41980909C00EE7644 /* ICLColourPickerViewController.xib */; };
		AE21AFCB198090AC00EE7644 /* ICLColourPickerViewController~iPhone.xib in Resources */ = {isa = PBXBuildFile; fileRef = AE21AFC51980909C00EE7644 /* ICLColourPickerViewController~iPhone.xib */; };
		AE21AFCE1980912F00EE7644 /* NSDate+Extensions.h in Headers */ = {isa = PBXBuildFile; fileRef = AE21AFCC1980912F00EE7644 /* NSDate+Extensions.h */; settings = {ATTRIBUTES = (Public, ); }; };
		AE21AFCF1980912F00EE7644 /* NSDate+Extensions.m in Sources */ = {isa = PBXBuildFile; fileRef = AE21AFCD1980912F00EE7644 /* NSDate+Extensions.m */; };
		AE21AFD61980919000EE7644 /* UIButton+applyGlassStyle.h in Headers */ = {isa = PBXBuildFile; fileRef = AE21AFD01980919000EE7644 /* UIButton+applyGlassStyle.h */; settings = {ATTRIBUTES = (Public, ); }; };
		AE21AFD71980919000EE7644 /* UIButton+applyGlassStyle.m in Sources */ = {isa = PBXBuildFile; fileRef = AE21AFD11980919000EE7644 /* UIButton+applyGlassStyle.m */; };
		AE21AFD81980919000EE7644 /* UIColor+extensions.h in Headers */ = {isa = PBXBuildFile; fileRef = AE21AFD21980919000EE7644 /* UIColor+extensions.h */; settings = {ATTRIBUTES = (Public, ); }; };
		AE21AFD91980919000EE7644 /* UIColor+extensions.m in Sources */ = {isa = PBXBuildFile; fileRef = AE21AFD31980919000EE7644 /* UIColor+extensions.m */; };
		AE21AFDA1980919000EE7644 /* UIViewController+Extensions.h in Headers */ = {isa = PBXBuildFile; fileRef = AE21AFD41980919000EE7644 /* UIViewController+Extensions.h */; settings = {ATTRIBUTES = (Public, ); }; };
		AE21AFDB1980919000EE7644 /* UIViewController+Extensions.m in Sources */ = {isa = PBXBuildFile; fileRef = AE21AFD51980919000EE7644 /* UIViewController+Extensions.m */; };
		AE23413E19735B8400CE6E38 /* DropboxSDK.framework in Frameworks */ = {isa = PBXBuildFile; fileRef = AE23413D19735B8400CE6E38 /* DropboxSDK.framework */; };
		AE2C04521B059BBC0057A3C3 /* Common.strings in Resources */ = {isa = PBXBuildFile; fileRef = AE2C04401B059BBB0057A3C3 /* Common.strings */; };
		AE2C04531B059BBC0057A3C3 /* Filters.strings in Resources */ = {isa = PBXBuildFile; fileRef = AE2C04421B059BBB0057A3C3 /* Filters.strings */; };
		AE2C04541B059BBC0057A3C3 /* ICL_Common.strings in Resources */ = {isa = PBXBuildFile; fileRef = AE2C04441B059BBB0057A3C3 /* ICL_Common.strings */; };
		AE2C04551B059BBC0057A3C3 /* ICL_Dropbox.strings in Resources */ = {isa = PBXBuildFile; fileRef = AE2C04461B059BBB0057A3C3 /* ICL_Dropbox.strings */; };
		AE2C04561B059BBC0057A3C3 /* ICL_iCloud.strings in Resources */ = {isa = PBXBuildFile; fileRef = AE2C04481B059BBB0057A3C3 /* ICL_iCloud.strings */; };
		AE2C04571B059BBC0057A3C3 /* ICL_Security.strings in Resources */ = {isa = PBXBuildFile; fileRef = AE2C044A1B059BBB0057A3C3 /* ICL_Security.strings */; };
		AE2C04581B059BBC0057A3C3 /* ICL_TrainingOverlay.strings in Resources */ = {isa = PBXBuildFile; fileRef = AE2C044C1B059BBB0057A3C3 /* ICL_TrainingOverlay.strings */; };
		AE2C04591B059BBC0057A3C3 /* Localizable.strings in Resources */ = {isa = PBXBuildFile; fileRef = AE2C044E1B059BBC0057A3C3 /* Localizable.strings */; };
		AE2C045A1B059BBC0057A3C3 /* UI_Autogenerated.strings in Resources */ = {isa = PBXBuildFile; fileRef = AE2C04501B059BBC0057A3C3 /* UI_Autogenerated.strings */; };
		AE2C048E1B059BDC0057A3C3 /* ABPadButton.h in Headers */ = {isa = PBXBuildFile; fileRef = AE2C045F1B059BDC0057A3C3 /* ABPadButton.h */; };
		AE2C048F1B059BDC0057A3C3 /* ABPadButton.m in Sources */ = {isa = PBXBuildFile; fileRef = AE2C04601B059BDC0057A3C3 /* ABPadButton.m */; };
		AE2C04901B059BDC0057A3C3 /* ABPadLockScreenAbstractViewController.h in Headers */ = {isa = PBXBuildFile; fileRef = AE2C04611B059BDC0057A3C3 /* ABPadLockScreenAbstractViewController.h */; };
		AE2C04911B059BDC0057A3C3 /* ABPadLockScreenAbstractViewController.m in Sources */ = {isa = PBXBuildFile; fileRef = AE2C04621B059BDC0057A3C3 /* ABPadLockScreenAbstractViewController.m */; };
		AE2C04921B059BDC0057A3C3 /* ABPadLockScreenSetupViewController.h in Headers */ = {isa = PBXBuildFile; fileRef = AE2C04631B059BDC0057A3C3 /* ABPadLockScreenSetupViewController.h */; };
		AE2C04931B059BDC0057A3C3 /* ABPadLockScreenSetupViewController.m in Sources */ = {isa = PBXBuildFile; fileRef = AE2C04641B059BDC0057A3C3 /* ABPadLockScreenSetupViewController.m */; };
		AE2C04941B059BDC0057A3C3 /* ABPadLockScreenView.h in Headers */ = {isa = PBXBuildFile; fileRef = AE2C04651B059BDC0057A3C3 /* ABPadLockScreenView.h */; };
		AE2C04951B059BDC0057A3C3 /* ABPadLockScreenView.m in Sources */ = {isa = PBXBuildFile; fileRef = AE2C04661B059BDC0057A3C3 /* ABPadLockScreenView.m */; };
		AE2C04961B059BDC0057A3C3 /* ABPadLockScreenViewController.h in Headers */ = {isa = PBXBuildFile; fileRef = AE2C04671B059BDC0057A3C3 /* ABPadLockScreenViewController.h */; };
		AE2C04971B059BDC0057A3C3 /* ABPadLockScreenViewController.m in Sources */ = {isa = PBXBuildFile; fileRef = AE2C04681B059BDC0057A3C3 /* ABPadLockScreenViewController.m */; };
		AE2C04981B059BDC0057A3C3 /* ABPinSelectionView.h in Headers */ = {isa = PBXBuildFile; fileRef = AE2C04691B059BDC0057A3C3 /* ABPinSelectionView.h */; };
		AE2C04991B059BDC0057A3C3 /* ABPinSelectionView.m in Sources */ = {isa = PBXBuildFile; fileRef = AE2C046A1B059BDC0057A3C3 /* ABPinSelectionView.m */; };
		AE2C04AF1B059BDC0057A3C3 /* LICENSE in Resources */ = {isa = PBXBuildFile; fileRef = AE2C048A1B059BDC0057A3C3 /* LICENSE */; };
		AE2C04BA1B059C200057A3C3 /* KeychainItemWrapper.h in Headers */ = {isa = PBXBuildFile; fileRef = AE2C04B81B059C200057A3C3 /* KeychainItemWrapper.h */; };
		AE2C04BB1B059C200057A3C3 /* KeychainItemWrapper.m in Sources */ = {isa = PBXBuildFile; fileRef = AE2C04B91B059C200057A3C3 /* KeychainItemWrapper.m */; };
		AE2C04C21B059C310057A3C3 /* ICLSecureAppDelegate.h in Headers */ = {isa = PBXBuildFile; fileRef = AE2C04BD1B059C310057A3C3 /* ICLSecureAppDelegate.h */; settings = {ATTRIBUTES = (Public, ); }; };
		AE2C04C31B059C310057A3C3 /* ICLSecureAppDelegate.m in Sources */ = {isa = PBXBuildFile; fileRef = AE2C04BE1B059C310057A3C3 /* ICLSecureAppDelegate.m */; };
		AE2C04C41B059C310057A3C3 /* ICLSecurityCommon.h in Headers */ = {isa = PBXBuildFile; fileRef = AE2C04BF1B059C310057A3C3 /* ICLSecurityCommon.h */; };
		AE2C04C51B059C310057A3C3 /* ICLSecurityConfigurationViewController.h in Headers */ = {isa = PBXBuildFile; fileRef = AE2C04C01B059C310057A3C3 /* ICLSecurityConfigurationViewController.h */; settings = {ATTRIBUTES = (Public, ); }; };
		AE2C04C61B059C310057A3C3 /* ICLSecurityConfigurationViewController.m in Sources */ = {isa = PBXBuildFile; fileRef = AE2C04C11B059C310057A3C3 /* ICLSecurityConfigurationViewController.m */; };
		AE42AEBD19EB519C005C3172 /* ICLTrainingOverlay.h in Headers */ = {isa = PBXBuildFile; fileRef = AE42AEB819EB519C005C3172 /* ICLTrainingOverlay.h */; settings = {ATTRIBUTES = (Public, ); }; };
		AE42AEBE19EB519C005C3172 /* ICLTrainingOverlay.m in Sources */ = {isa = PBXBuildFile; fileRef = AE42AEB919EB519C005C3172 /* ICLTrainingOverlay.m */; };
		AE42AEBF19EB519C005C3172 /* ICLTrainingOverlayCommon.h in Headers */ = {isa = PBXBuildFile; fileRef = AE42AEBA19EB519C005C3172 /* ICLTrainingOverlayCommon.h */; settings = {ATTRIBUTES = (Public, ); }; };
		AE42AEC019EB519C005C3172 /* ICLTrainingOverlayData.h in Headers */ = {isa = PBXBuildFile; fileRef = AE42AEBB19EB519C005C3172 /* ICLTrainingOverlayData.h */; settings = {ATTRIBUTES = (Public, ); }; };
		AE42AEC119EB519C005C3172 /* ICLTrainingOverlayData.m in Sources */ = {isa = PBXBuildFile; fileRef = AE42AEBC19EB519C005C3172 /* ICLTrainingOverlayData.m */; };
		AE42AEC419EB534F005C3172 /* UIImageEffects.h in Headers */ = {isa = PBXBuildFile; fileRef = AE42AEC219EB534F005C3172 /* UIImageEffects.h */; };
		AE42AEC519EB534F005C3172 /* UIImageEffects.m in Sources */ = {isa = PBXBuildFile; fileRef = AE42AEC319EB534F005C3172 /* UIImageEffects.m */; };
		AE57F7CE1980F16900B5B3FC /* iOSCoreLibraryCommon.h in Headers */ = {isa = PBXBuildFile; fileRef = AE57F7CD1980F16900B5B3FC /* iOSCoreLibraryCommon.h */; settings = {ATTRIBUTES = (Public, ); }; };
		AE65B08B197B7D3900DB2172 /* BuildFlags.h in Headers */ = {isa = PBXBuildFile; fileRef = AE65B08A197B7D3900DB2172 /* BuildFlags.h */; settings = {ATTRIBUTES = (Public, ); }; };
		AE7FF7531981CE09002D3F9E /* UITextField+matchesRegex.h in Headers */ = {isa = PBXBuildFile; fileRef = AE7FF7511981CE09002D3F9E /* UITextField+matchesRegex.h */; settings = {ATTRIBUTES = (Public, ); }; };
		AE7FF7541981CE09002D3F9E /* UITextField+matchesRegex.m in Sources */ = {isa = PBXBuildFile; fileRef = AE7FF7521981CE09002D3F9E /* UITextField+matchesRegex.m */; };
		AE8E8FCF1A68C2C4005DCB38 /* ICLDatePickerPopupViewController.h in Headers */ = {isa = PBXBuildFile; fileRef = AE8E8FC61A68C2C4005DCB38 /* ICLDatePickerPopupViewController.h */; settings = {ATTRIBUTES = (Public, ); }; };
		AE8E8FD01A68C2C4005DCB38 /* ICLDatePickerPopupViewController.m in Sources */ = {isa = PBXBuildFile; fileRef = AE8E8FC71A68C2C4005DCB38 /* ICLDatePickerPopupViewController.m */; };
		AE8E8FD11A68C2C4005DCB38 /* ICLDatePickerPopupViewController.xib in Resources */ = {isa = PBXBuildFile; fileRef = AE8E8FC81A68C2C4005DCB38 /* ICLDatePickerPopupViewController.xib */; };
		AE8E8FD21A68C2C4005DCB38 /* ICLDatePickerPopupViewController_2Dates.xib in Resources */ = {isa = PBXBuildFile; fileRef = AE8E8FC91A68C2C4005DCB38 /* ICLDatePickerPopupViewController_2Dates.xib */; };
		AE8E8FD31A68C2C4005DCB38 /* ICLDatePickerTransition.h in Headers */ = {isa = PBXBuildFile; fileRef = AE8E8FCA1A68C2C4005DCB38 /* ICLDatePickerTransition.h */; };
		AE8E8FD41A68C2C4005DCB38 /* ICLDatePickerTransition.m in Sources */ = {isa = PBXBuildFile; fileRef = AE8E8FCB1A68C2C4005DCB38 /* ICLDatePickerTransition.m */; };
		AE8E8FD51A68C2C4005DCB38 /* ICLFilterableViewController.h in Headers */ = {isa = PBXBuildFile; fileRef = AE8E8FCD1A68C2C4005DCB38 /* ICLFilterableViewController.h */; settings = {ATTRIBUTES = (Public, ); }; };
		AE8E8FD61A68C2C4005DCB38 /* ICLFilterableViewController.m in Sources */ = {isa = PBXBuildFile; fileRef = AE8E8FCE1A68C2C4005DCB38 /* ICLFilterableViewController.m */; };
		AE8E8FD71A68C2DA005DCB38 /* ICLDatePickerPopupViewController.xib in Resources */ = {isa = PBXBuildFile; fileRef = AE8E8FC81A68C2C4005DCB38 /* ICLDatePickerPopupViewController.xib */; };
		AE8E8FD81A68C2DD005DCB38 /* ICLDatePickerPopupViewController_2Dates.xib in Resources */ = {isa = PBXBuildFile; fileRef = AE8E8FC91A68C2C4005DCB38 /* ICLDatePickerPopupViewController_2Dates.xib */; };
		AE9629881919FE9600A9AAC3 /* ICLUploadToDropboxViewController.h in Headers */ = {isa = PBXBuildFile; fileRef = AE9629851919FE9600A9AAC3 /* ICLUploadToDropboxViewController.h */; settings = {ATTRIBUTES = (Public, ); }; };
		AE9629891919FE9600A9AAC3 /* ICLUploadToDropboxViewController.m in Sources */ = {isa = PBXBuildFile; fileRef = AE9629861919FE9600A9AAC3 /* ICLUploadToDropboxViewController.m */; };
		AE96298A1919FE9600A9AAC3 /* ICLUploadToDropboxViewController.xib in Resources */ = {isa = PBXBuildFile; fileRef = AE9629871919FE9600A9AAC3 /* ICLUploadToDropboxViewController.xib */; };
		AE96298C1919FEB200A9AAC3 /* ICLUploadToDropboxViewController~iPhone.xib in Resources */ = {isa = PBXBuildFile; fileRef = AE96298B1919FEB200A9AAC3 /* ICLUploadToDropboxViewController~iPhone.xib */; };
		AE96298F1919FF5E00A9AAC3 /* ICLUploadToDropboxViewController.xib in Resources */ = {isa = PBXBuildFile; fileRef = AE9629871919FE9600A9AAC3 /* ICLUploadToDropboxViewController.xib */; };
		AE9629901919FF5E00A9AAC3 /* ICLUploadToDropboxViewController~iPhone.xib in Resources */ = {isa = PBXBuildFile; fileRef = AE96298B1919FEB200A9AAC3 /* ICLUploadToDropboxViewController~iPhone.xib */; };
		AEA4F5DE1A5F4F000030CD5C /* ICLScheduleHelper.m in Sources */ = {isa = PBXBuildFile; fileRef = AEA4F5DC1A5F4F000030CD5C /* ICLScheduleHelper.m */; };
		AEA4F5DF1A5F4F000030CD5C /* ICLScheduleHelper.h in Headers */ = {isa = PBXBuildFile; fileRef = AEA4F5DD1A5F4F000030CD5C /* ICLScheduleHelper.h */; settings = {ATTRIBUTES = (Public, ); }; };
		AEC2A06E1B6E2F0A003B9776 /* NSColor+Extensions.h in Headers */ = {isa = PBXBuildFile; fileRef = AEC2A06C1B6E2F0A003B9776 /* NSColor+Extensions.h */; settings = {ATTRIBUTES = (Public, ); }; };
		AEC2A06F1B6E2F0A003B9776 /* NSColor+Extensions.m in Sources */ = {isa = PBXBuildFile; fileRef = AEC2A06D1B6E2F0A003B9776 /* NSColor+Extensions.m */; };
		AEE765C8196A6DA600D8AAA4 /* ICLAlertViewController.h in Headers */ = {isa = PBXBuildFile; fileRef = AEE765B8196A6DA600D8AAA4 /* ICLAlertViewController.h */; settings = {ATTRIBUTES = (Public, ); }; };
		AEE765C9196A6DA600D8AAA4 /* ICLAlertViewController.m in Sources */ = {isa = PBXBuildFile; fileRef = AEE765B9196A6DA600D8AAA4 /* ICLAlertViewController.m */; };
		AEE765CA196A6DA600D8AAA4 /* ICLAlertViewController2.xib in Resources */ = {isa = PBXBuildFile; fileRef = AEE765BA196A6DA600D8AAA4 /* ICLAlertViewController2.xib */; };
		AEE765CB196A6DA600D8AAA4 /* ICLAlertViewController2~iPhone.xib in Resources */ = {isa = PBXBuildFile; fileRef = AEE765BB196A6DA600D8AAA4 /* ICLAlertViewController2~iPhone.xib */; };
		AEE765CC196A6DA600D8AAA4 /* ICLAlertViewController3.xib in Resources */ = {isa = PBXBuildFile; fileRef = AEE765BC196A6DA600D8AAA4 /* ICLAlertViewController3.xib */; };
		AEE765CD196A6DA600D8AAA4 /* ICLAlertViewController3~iPhone.xib in Resources */ = {isa = PBXBuildFile; fileRef = AEE765BD196A6DA600D8AAA4 /* ICLAlertViewController3~iPhone.xib */; };
		AEE765CE196A6DA600D8AAA4 /* ICLCoreDataDeviceList.h in Headers */ = {isa = PBXBuildFile; fileRef = AEE765BF196A6DA600D8AAA4 /* ICLCoreDataDeviceList.h */; };
		AEE765CF196A6DA600D8AAA4 /* ICLCoreDataDeviceList.m in Sources */ = {isa = PBXBuildFile; fileRef = AEE765C0196A6DA600D8AAA4 /* ICLCoreDataDeviceList.m */; };
		AEE765D0196A6DA600D8AAA4 /* ICLCoreDataManager.h in Headers */ = {isa = PBXBuildFile; fileRef = AEE765C1196A6DA600D8AAA4 /* ICLCoreDataManager.h */; settings = {ATTRIBUTES = (Public, ); }; };
		AEE765D1196A6DA600D8AAA4 /* ICLCoreDataManager.m in Sources */ = {isa = PBXBuildFile; fileRef = AEE765C2196A6DA600D8AAA4 /* ICLCoreDataManager.m */; };
		AEE765D2196A6DA600D8AAA4 /* NSBundle+InternalExtensions.h in Headers */ = {isa = PBXBuildFile; fileRef = AEE765C4196A6DA600D8AAA4 /* NSBundle+InternalExtensions.h */; };
		AEE765D3196A6DA600D8AAA4 /* NSBundle+InternalExtensions.m in Sources */ = {isa = PBXBuildFile; fileRef = AEE765C5196A6DA600D8AAA4 /* NSBundle+InternalExtensions.m */; };
		AEE765D4196A6DA600D8AAA4 /* NSURL+InternalExtensions.h in Headers */ = {isa = PBXBuildFile; fileRef = AEE765C6196A6DA600D8AAA4 /* NSURL+InternalExtensions.h */; };
		AEE765D5196A6DA600D8AAA4 /* NSURL+InternalExtensions.m in Sources */ = {isa = PBXBuildFile; fileRef = AEE765C7196A6DA600D8AAA4 /* NSURL+InternalExtensions.m */; };
		AEE765F3196A6DC100D8AAA4 /* NSManagedObjectModel+KCOrderedAccessorFix.h in Headers */ = {isa = PBXBuildFile; fileRef = AEE765D8196A6DC100D8AAA4 /* NSManagedObjectModel+KCOrderedAccessorFix.h */; settings = {ATTRIBUTES = (Public, ); }; };
		AEE765F4196A6DC100D8AAA4 /* NSManagedObjectModel+KCOrderedAccessorFix.m in Sources */ = {isa = PBXBuildFile; fileRef = AEE765D9196A6DC100D8AAA4 /* NSManagedObjectModel+KCOrderedAccessorFix.m */; };
		AEE765F5196A6DC100D8AAA4 /* README.md in Resources */ = {isa = PBXBuildFile; fileRef = AEE765DA196A6DC100D8AAA4 /* README.md */; };
		AEE76602196A6DC100D8AAA4 /* Reachability.h in Headers */ = {isa = PBXBuildFile; fileRef = AEE765ED196A6DC100D8AAA4 /* Reachability.h */; };
		AEE76603196A6DC100D8AAA4 /* Reachability.m in Sources */ = {isa = PBXBuildFile; fileRef = AEE765EE196A6DC100D8AAA4 /* Reachability.m */; };
		AEE76604196A6DC100D8AAA4 /* ReadMe.txt in Resources */ = {isa = PBXBuildFile; fileRef = AEE765F2196A6DC100D8AAA4 /* ReadMe.txt */; };
		AEE76620196A6E8E00D8AAA4 /* ICLAlertViewController2.xib in Resources */ = {isa = PBXBuildFile; fileRef = AEE765BA196A6DA600D8AAA4 /* ICLAlertViewController2.xib */; };
		AEE76621196A6E9100D8AAA4 /* ICLAlertViewController2~iPhone.xib in Resources */ = {isa = PBXBuildFile; fileRef = AEE765BB196A6DA600D8AAA4 /* ICLAlertViewController2~iPhone.xib */; };
		AEE76622196A6E9400D8AAA4 /* ICLAlertViewController3.xib in Resources */ = {isa = PBXBuildFile; fileRef = AEE765BC196A6DA600D8AAA4 /* ICLAlertViewController3.xib */; };
		AEE76623196A6E9600D8AAA4 /* ICLAlertViewController3~iPhone.xib in Resources */ = {isa = PBXBuildFile; fileRef = AEE765BD196A6DA600D8AAA4 /* ICLAlertViewController3~iPhone.xib */; };
		AEEAA2F81AC81E3B004D0E78 /* ICLFinancialDataConverter.h in Headers */ = {isa = PBXBuildFile; fileRef = AEEAA2F31AC81E3B004D0E78 /* ICLFinancialDataConverter.h */; settings = {ATTRIBUTES = (Public, ); }; };
		AEEAA2F91AC81E3B004D0E78 /* ICLFinancialDataConverter.m in Sources */ = {isa = PBXBuildFile; fileRef = AEEAA2F41AC81E3B004D0E78 /* ICLFinancialDataConverter.m */; };
		AEEAA2FA1AC81E3B004D0E78 /* ICLSGMLWriter.h in Headers */ = {isa = PBXBuildFile; fileRef = AEEAA2F61AC81E3B004D0E78 /* ICLSGMLWriter.h */; };
		AEEAA2FB1AC81E3B004D0E78 /* ICLSGMLWriter.m in Sources */ = {isa = PBXBuildFile; fileRef = AEEAA2F71AC81E3B004D0E78 /* ICLSGMLWriter.m */; };
		AEEAA3001AC81E81004D0E78 /* Original Source.txt in Resources */ = {isa = PBXBuildFile; fileRef = AEEAA2FD1AC81E81004D0E78 /* Original Source.txt */; };
		AEEAA3011AC81E81004D0E78 /* XMLWriter.h in Headers */ = {isa = PBXBuildFile; fileRef = AEEAA2FE1AC81E81004D0E78 /* XMLWriter.h */; };
		AEEAA3021AC81E81004D0E78 /* XMLWriter.m in Sources */ = {isa = PBXBuildFile; fileRef = AEEAA2FF1AC81E81004D0E78 /* XMLWriter.m */; };
		AEEAA3041AC81ED6004D0E78 /* XMLWriter.license in Resources */ = {isa = PBXBuildFile; fileRef = AEEAA3031AC81ED6004D0E78 /* XMLWriter.license */; };
		AEEAA3061AC81EE8004D0E78 /* KCOrderedAccessorFix.license in Resources */ = {isa = PBXBuildFile; fileRef = AEEAA3051AC81EE8004D0E78 /* KCOrderedAccessorFix.license */; };
		AEED9C751AEB1A4B004F1753 /* ICLGraphCreator.h in Headers */ = {isa = PBXBuildFile; fileRef = AEED9C731AEB1A4B004F1753 /* ICLGraphCreator.h */; };
		AEED9C761AEB1A4B004F1753 /* ICLGraphCreator.m in Sources */ = {isa = PBXBuildFile; fileRef = AEED9C741AEB1A4B004F1753 /* ICLGraphCreator.m */; };
/* End PBXBuildFile section */

/* Begin PBXCopyFilesBuildPhase section */
		AE1744C217755777007051FF /* CopyFiles */ = {
			isa = PBXCopyFilesBuildPhase;
			buildActionMask = 2147483647;
			dstPath = "include/${PRODUCT_NAME}";
			dstSubfolderSpec = 16;
			files = (
			);
			runOnlyForDeploymentPostprocessing = 0;
		};
/* End PBXCopyFilesBuildPhase section */

/* Begin PBXFileReference section */
		AE1744C417755777007051FF /* libiOSCoreLibrary.a */ = {isa = PBXFileReference; explicitFileType = archive.ar; includeInIndex = 0; path = libiOSCoreLibrary.a; sourceTree = BUILT_PRODUCTS_DIR; };
		AE1744C717755777007051FF /* Foundation.framework */ = {isa = PBXFileReference; lastKnownFileType = wrapper.framework; name = Foundation.framework; path = System/Library/Frameworks/Foundation.framework; sourceTree = SDKROOT; };
		AE1744CB17755777007051FF /* iOSCoreLibrary-Prefix.pch */ = {isa = PBXFileReference; lastKnownFileType = sourcecode.c.h; path = "iOSCoreLibrary-Prefix.pch"; sourceTree = "<group>"; };
		AE1744CC17755777007051FF /* iOSCoreLibrary.h */ = {isa = PBXFileReference; lastKnownFileType = sourcecode.c.h; path = iOSCoreLibrary.h; sourceTree = "<group>"; };
		AE1744CE17755777007051FF /* iOSCoreLibrary.m */ = {isa = PBXFileReference; lastKnownFileType = sourcecode.c.objc; path = iOSCoreLibrary.m; sourceTree = "<group>"; };
		AE1744D617755778007051FF /* SenTestingKit.framework */ = {isa = PBXFileReference; lastKnownFileType = wrapper.framework; name = SenTestingKit.framework; path = Library/Frameworks/SenTestingKit.framework; sourceTree = DEVELOPER_DIR; };
		AE1744D817755778007051FF /* UIKit.framework */ = {isa = PBXFileReference; lastKnownFileType = wrapper.framework; name = UIKit.framework; path = Library/Frameworks/UIKit.framework; sourceTree = DEVELOPER_DIR; };
		AE174511177574F5007051FF /* CoreFoundation.framework */ = {isa = PBXFileReference; lastKnownFileType = wrapper.framework; name = CoreFoundation.framework; path = System/Library/Frameworks/CoreFoundation.framework; sourceTree = SDKROOT; };
		AE17452A177579F7007051FF /* iOSCoreLibraryBundle.bundle */ = {isa = PBXFileReference; explicitFileType = wrapper.cfbundle; includeInIndex = 0; path = iOSCoreLibraryBundle.bundle; sourceTree = BUILT_PRODUCTS_DIR; };
		AE17452E177579F8007051FF /* iOSCoreLibraryBundle-Info.plist */ = {isa = PBXFileReference; lastKnownFileType = text.plist.xml; path = "iOSCoreLibraryBundle-Info.plist"; sourceTree = "<group>"; };
		AE174530177579F8007051FF /* en */ = {isa = PBXFileReference; lastKnownFileType = text.plist.strings; name = en; path = en.lproj/InfoPlist.strings; sourceTree = "<group>"; };
		AE174532177579F8007051FF /* iOSCoreLibraryBundle-Prefix.pch */ = {isa = PBXFileReference; lastKnownFileType = sourcecode.c.h; path = "iOSCoreLibraryBundle-Prefix.pch"; sourceTree = "<group>"; };
		AE21AFC21980909C00EE7644 /* ICLColourPickerViewController.h */ = {isa = PBXFileReference; fileEncoding = 4; lastKnownFileType = sourcecode.c.h; path = ICLColourPickerViewController.h; sourceTree = "<group>"; };
		AE21AFC31980909C00EE7644 /* ICLColourPickerViewController.m */ = {isa = PBXFileReference; fileEncoding = 4; lastKnownFileType = sourcecode.c.objc; path = ICLColourPickerViewController.m; sourceTree = "<group>"; };
		AE21AFC41980909C00EE7644 /* ICLColourPickerViewController.xib */ = {isa = PBXFileReference; fileEncoding = 4; lastKnownFileType = file.xib; path = ICLColourPickerViewController.xib; sourceTree = "<group>"; };
		AE21AFC51980909C00EE7644 /* ICLColourPickerViewController~iPhone.xib */ = {isa = PBXFileReference; fileEncoding = 4; lastKnownFileType = file.xib; path = "ICLColourPickerViewController~iPhone.xib"; sourceTree = "<group>"; };
		AE21AFCC1980912F00EE7644 /* NSDate+Extensions.h */ = {isa = PBXFileReference; fileEncoding = 4; lastKnownFileType = sourcecode.c.h; path = "NSDate+Extensions.h"; sourceTree = "<group>"; };
		AE21AFCD1980912F00EE7644 /* NSDate+Extensions.m */ = {isa = PBXFileReference; fileEncoding = 4; lastKnownFileType = sourcecode.c.objc; path = "NSDate+Extensions.m"; sourceTree = "<group>"; };
		AE21AFD01980919000EE7644 /* UIButton+applyGlassStyle.h */ = {isa = PBXFileReference; fileEncoding = 4; lastKnownFileType = sourcecode.c.h; path = "UIButton+applyGlassStyle.h"; sourceTree = "<group>"; };
		AE21AFD11980919000EE7644 /* UIButton+applyGlassStyle.m */ = {isa = PBXFileReference; fileEncoding = 4; lastKnownFileType = sourcecode.c.objc; path = "UIButton+applyGlassStyle.m"; sourceTree = "<group>"; };
		AE21AFD21980919000EE7644 /* UIColor+extensions.h */ = {isa = PBXFileReference; fileEncoding = 4; lastKnownFileType = sourcecode.c.h; path = "UIColor+extensions.h"; sourceTree = "<group>"; };
		AE21AFD31980919000EE7644 /* UIColor+extensions.m */ = {isa = PBXFileReference; fileEncoding = 4; lastKnownFileType = sourcecode.c.objc; path = "UIColor+extensions.m"; sourceTree = "<group>"; };
		AE21AFD41980919000EE7644 /* UIViewController+Extensions.h */ = {isa = PBXFileReference; fileEncoding = 4; lastKnownFileType = sourcecode.c.h; path = "UIViewController+Extensions.h"; sourceTree = "<group>"; };
		AE21AFD51980919000EE7644 /* UIViewController+Extensions.m */ = {isa = PBXFileReference; fileEncoding = 4; lastKnownFileType = sourcecode.c.objc; path = "UIViewController+Extensions.m"; sourceTree = "<group>"; };
		AE23413D19735B8400CE6E38 /* DropboxSDK.framework */ = {isa = PBXFileReference; lastKnownFileType = wrapper.framework; name = DropboxSDK.framework; path = ThirdParty/DropboxSDK/DropboxSDK.framework; sourceTree = "<group>"; };
		AE2C04411B059BBB0057A3C3 /* en */ = {isa = PBXFileReference; lastKnownFileType = text.plist.strings; name = en; path = Common.strings; sourceTree = "<group>"; };
		AE2C04431B059BBB0057A3C3 /* en */ = {isa = PBXFileReference; lastKnownFileType = text.plist.strings; name = en; path = Filters.strings; sourceTree = "<group>"; };
		AE2C04451B059BBB0057A3C3 /* en */ = {isa = PBXFileReference; lastKnownFileType = text.plist.strings; name = en; path = ICL_Common.strings; sourceTree = "<group>"; };
		AE2C04471B059BBB0057A3C3 /* en */ = {isa = PBXFileReference; lastKnownFileType = text.plist.strings; name = en; path = ICL_Dropbox.strings; sourceTree = "<group>"; };
		AE2C04491B059BBB0057A3C3 /* en */ = {isa = PBXFileReference; lastKnownFileType = text.plist.strings; name = en; path = ICL_iCloud.strings; sourceTree = "<group>"; };
		AE2C044B1B059BBB0057A3C3 /* en */ = {isa = PBXFileReference; lastKnownFileType = text.plist.strings; name = en; path = ICL_Security.strings; sourceTree = "<group>"; };
		AE2C044D1B059BBB0057A3C3 /* en */ = {isa = PBXFileReference; lastKnownFileType = text.plist.strings; name = en; path = ICL_TrainingOverlay.strings; sourceTree = "<group>"; };
		AE2C044F1B059BBC0057A3C3 /* en */ = {isa = PBXFileReference; lastKnownFileType = text.plist.strings; name = en; path = Localizable.strings; sourceTree = "<group>"; };
		AE2C04511B059BBC0057A3C3 /* en */ = {isa = PBXFileReference; lastKnownFileType = text.plist.strings; name = en; path = UI_Autogenerated.strings; sourceTree = "<group>"; };
		AE2C045F1B059BDC0057A3C3 /* ABPadButton.h */ = {isa = PBXFileReference; fileEncoding = 4; lastKnownFileType = sourcecode.c.h; path = ABPadButton.h; sourceTree = "<group>"; };
		AE2C04601B059BDC0057A3C3 /* ABPadButton.m */ = {isa = PBXFileReference; fileEncoding = 4; lastKnownFileType = sourcecode.c.objc; path = ABPadButton.m; sourceTree = "<group>"; };
		AE2C04611B059BDC0057A3C3 /* ABPadLockScreenAbstractViewController.h */ = {isa = PBXFileReference; fileEncoding = 4; lastKnownFileType = sourcecode.c.h; path = ABPadLockScreenAbstractViewController.h; sourceTree = "<group>"; };
		AE2C04621B059BDC0057A3C3 /* ABPadLockScreenAbstractViewController.m */ = {isa = PBXFileReference; fileEncoding = 4; lastKnownFileType = sourcecode.c.objc; path = ABPadLockScreenAbstractViewController.m; sourceTree = "<group>"; };
		AE2C04631B059BDC0057A3C3 /* ABPadLockScreenSetupViewController.h */ = {isa = PBXFileReference; fileEncoding = 4; lastKnownFileType = sourcecode.c.h; path = ABPadLockScreenSetupViewController.h; sourceTree = "<group>"; };
		AE2C04641B059BDC0057A3C3 /* ABPadLockScreenSetupViewController.m */ = {isa = PBXFileReference; fileEncoding = 4; lastKnownFileType = sourcecode.c.objc; path = ABPadLockScreenSetupViewController.m; sourceTree = "<group>"; };
		AE2C04651B059BDC0057A3C3 /* ABPadLockScreenView.h */ = {isa = PBXFileReference; fileEncoding = 4; lastKnownFileType = sourcecode.c.h; path = ABPadLockScreenView.h; sourceTree = "<group>"; };
		AE2C04661B059BDC0057A3C3 /* ABPadLockScreenView.m */ = {isa = PBXFileReference; fileEncoding = 4; lastKnownFileType = sourcecode.c.objc; path = ABPadLockScreenView.m; sourceTree = "<group>"; };
		AE2C04671B059BDC0057A3C3 /* ABPadLockScreenViewController.h */ = {isa = PBXFileReference; fileEncoding = 4; lastKnownFileType = sourcecode.c.h; path = ABPadLockScreenViewController.h; sourceTree = "<group>"; };
		AE2C04681B059BDC0057A3C3 /* ABPadLockScreenViewController.m */ = {isa = PBXFileReference; fileEncoding = 4; lastKnownFileType = sourcecode.c.objc; path = ABPadLockScreenViewController.m; sourceTree = "<group>"; };
		AE2C04691B059BDC0057A3C3 /* ABPinSelectionView.h */ = {isa = PBXFileReference; fileEncoding = 4; lastKnownFileType = sourcecode.c.h; path = ABPinSelectionView.h; sourceTree = "<group>"; };
		AE2C046A1B059BDC0057A3C3 /* ABPinSelectionView.m */ = {isa = PBXFileReference; fileEncoding = 4; lastKnownFileType = sourcecode.c.objc; path = ABPinSelectionView.m; sourceTree = "<group>"; };
		AE2C048A1B059BDC0057A3C3 /* LICENSE */ = {isa = PBXFileReference; fileEncoding = 4; lastKnownFileType = text; path = LICENSE; sourceTree = "<group>"; };
		AE2C048B1B059BDC0057A3C3 /* README.md */ = {isa = PBXFileReference; fileEncoding = 4; lastKnownFileType = net.daringfireball.markdown; path = README.md; sourceTree = "<group>"; };
		AE2C04B81B059C200057A3C3 /* KeychainItemWrapper.h */ = {isa = PBXFileReference; fileEncoding = 4; lastKnownFileType = sourcecode.c.h; path = KeychainItemWrapper.h; sourceTree = "<group>"; };
		AE2C04B91B059C200057A3C3 /* KeychainItemWrapper.m */ = {isa = PBXFileReference; fileEncoding = 4; lastKnownFileType = sourcecode.c.objc; path = KeychainItemWrapper.m; sourceTree = "<group>"; };
		AE2C04BD1B059C310057A3C3 /* ICLSecureAppDelegate.h */ = {isa = PBXFileReference; fileEncoding = 4; lastKnownFileType = sourcecode.c.h; path = ICLSecureAppDelegate.h; sourceTree = "<group>"; };
		AE2C04BE1B059C310057A3C3 /* ICLSecureAppDelegate.m */ = {isa = PBXFileReference; fileEncoding = 4; lastKnownFileType = sourcecode.c.objc; path = ICLSecureAppDelegate.m; sourceTree = "<group>"; };
		AE2C04BF1B059C310057A3C3 /* ICLSecurityCommon.h */ = {isa = PBXFileReference; fileEncoding = 4; lastKnownFileType = sourcecode.c.h; path = ICLSecurityCommon.h; sourceTree = "<group>"; };
		AE2C04C01B059C310057A3C3 /* ICLSecurityConfigurationViewController.h */ = {isa = PBXFileReference; fileEncoding = 4; lastKnownFileType = sourcecode.c.h; path = ICLSecurityConfigurationViewController.h; sourceTree = "<group>"; };
		AE2C04C11B059C310057A3C3 /* ICLSecurityConfigurationViewController.m */ = {isa = PBXFileReference; fileEncoding = 4; lastKnownFileType = sourcecode.c.objc; path = ICLSecurityConfigurationViewController.m; sourceTree = "<group>"; };
		AE42AEB819EB519C005C3172 /* ICLTrainingOverlay.h */ = {isa = PBXFileReference; fileEncoding = 4; lastKnownFileType = sourcecode.c.h; path = ICLTrainingOverlay.h; sourceTree = "<group>"; };
		AE42AEB919EB519C005C3172 /* ICLTrainingOverlay.m */ = {isa = PBXFileReference; fileEncoding = 4; lastKnownFileType = sourcecode.c.objc; path = ICLTrainingOverlay.m; sourceTree = "<group>"; };
		AE42AEBA19EB519C005C3172 /* ICLTrainingOverlayCommon.h */ = {isa = PBXFileReference; fileEncoding = 4; lastKnownFileType = sourcecode.c.h; path = ICLTrainingOverlayCommon.h; sourceTree = "<group>"; };
		AE42AEBB19EB519C005C3172 /* ICLTrainingOverlayData.h */ = {isa = PBXFileReference; fileEncoding = 4; lastKnownFileType = sourcecode.c.h; path = ICLTrainingOverlayData.h; sourceTree = "<group>"; };
		AE42AEBC19EB519C005C3172 /* ICLTrainingOverlayData.m */ = {isa = PBXFileReference; fileEncoding = 4; lastKnownFileType = sourcecode.c.objc; path = ICLTrainingOverlayData.m; sourceTree = "<group>"; };
		AE42AEC219EB534F005C3172 /* UIImageEffects.h */ = {isa = PBXFileReference; fileEncoding = 4; lastKnownFileType = sourcecode.c.h; name = UIImageEffects.h; path = UIImageEffects/UIImageEffects/UIImageEffects.h; sourceTree = "<group>"; };
		AE42AEC319EB534F005C3172 /* UIImageEffects.m */ = {isa = PBXFileReference; fileEncoding = 4; lastKnownFileType = sourcecode.c.objc; name = UIImageEffects.m; path = UIImageEffects/UIImageEffects/UIImageEffects.m; sourceTree = "<group>"; };
		AE57F7CD1980F16900B5B3FC /* iOSCoreLibraryCommon.h */ = {isa = PBXFileReference; fileEncoding = 4; lastKnownFileType = sourcecode.c.h; path = iOSCoreLibraryCommon.h; sourceTree = "<group>"; };
		AE65B08A197B7D3900DB2172 /* BuildFlags.h */ = {isa = PBXFileReference; fileEncoding = 4; lastKnownFileType = sourcecode.c.h; path = BuildFlags.h; sourceTree = "<group>"; };
		AE7FF7511981CE09002D3F9E /* UITextField+matchesRegex.h */ = {isa = PBXFileReference; fileEncoding = 4; lastKnownFileType = sourcecode.c.h; path = "UITextField+matchesRegex.h"; sourceTree = "<group>"; };
		AE7FF7521981CE09002D3F9E /* UITextField+matchesRegex.m */ = {isa = PBXFileReference; fileEncoding = 4; lastKnownFileType = sourcecode.c.objc; path = "UITextField+matchesRegex.m"; sourceTree = "<group>"; };
		AE8E8FC61A68C2C4005DCB38 /* ICLDatePickerPopupViewController.h */ = {isa = PBXFileReference; fileEncoding = 4; lastKnownFileType = sourcecode.c.h; path = ICLDatePickerPopupViewController.h; sourceTree = "<group>"; };
		AE8E8FC71A68C2C4005DCB38 /* ICLDatePickerPopupViewController.m */ = {isa = PBXFileReference; fileEncoding = 4; lastKnownFileType = sourcecode.c.objc; path = ICLDatePickerPopupViewController.m; sourceTree = "<group>"; };
		AE8E8FC81A68C2C4005DCB38 /* ICLDatePickerPopupViewController.xib */ = {isa = PBXFileReference; fileEncoding = 4; lastKnownFileType = file.xib; path = ICLDatePickerPopupViewController.xib; sourceTree = "<group>"; };
		AE8E8FC91A68C2C4005DCB38 /* ICLDatePickerPopupViewController_2Dates.xib */ = {isa = PBXFileReference; fileEncoding = 4; lastKnownFileType = file.xib; path = ICLDatePickerPopupViewController_2Dates.xib; sourceTree = "<group>"; };
		AE8E8FCA1A68C2C4005DCB38 /* ICLDatePickerTransition.h */ = {isa = PBXFileReference; fileEncoding = 4; lastKnownFileType = sourcecode.c.h; path = ICLDatePickerTransition.h; sourceTree = "<group>"; };
		AE8E8FCB1A68C2C4005DCB38 /* ICLDatePickerTransition.m */ = {isa = PBXFileReference; fileEncoding = 4; lastKnownFileType = sourcecode.c.objc; path = ICLDatePickerTransition.m; sourceTree = "<group>"; };
		AE8E8FCD1A68C2C4005DCB38 /* ICLFilterableViewController.h */ = {isa = PBXFileReference; fileEncoding = 4; lastKnownFileType = sourcecode.c.h; path = ICLFilterableViewController.h; sourceTree = "<group>"; };
		AE8E8FCE1A68C2C4005DCB38 /* ICLFilterableViewController.m */ = {isa = PBXFileReference; fileEncoding = 4; lastKnownFileType = sourcecode.c.objc; path = ICLFilterableViewController.m; sourceTree = "<group>"; };
		AE9629851919FE9600A9AAC3 /* ICLUploadToDropboxViewController.h */ = {isa = PBXFileReference; fileEncoding = 4; lastKnownFileType = sourcecode.c.h; path = ICLUploadToDropboxViewController.h; sourceTree = "<group>"; };
		AE9629861919FE9600A9AAC3 /* ICLUploadToDropboxViewController.m */ = {isa = PBXFileReference; fileEncoding = 4; lastKnownFileType = sourcecode.c.objc; path = ICLUploadToDropboxViewController.m; sourceTree = "<group>"; };
		AE9629871919FE9600A9AAC3 /* ICLUploadToDropboxViewController.xib */ = {isa = PBXFileReference; fileEncoding = 4; lastKnownFileType = file.xib; path = ICLUploadToDropboxViewController.xib; sourceTree = "<group>"; };
		AE96298B1919FEB200A9AAC3 /* ICLUploadToDropboxViewController~iPhone.xib */ = {isa = PBXFileReference; fileEncoding = 4; lastKnownFileType = file.xib; path = "ICLUploadToDropboxViewController~iPhone.xib"; sourceTree = "<group>"; };
		AEA4F5DC1A5F4F000030CD5C /* ICLScheduleHelper.m */ = {isa = PBXFileReference; fileEncoding = 4; lastKnownFileType = sourcecode.c.objc; path = ICLScheduleHelper.m; sourceTree = "<group>"; };
		AEA4F5DD1A5F4F000030CD5C /* ICLScheduleHelper.h */ = {isa = PBXFileReference; fileEncoding = 4; lastKnownFileType = sourcecode.c.h; path = ICLScheduleHelper.h; sourceTree = "<group>"; };
		AEC2A06C1B6E2F0A003B9776 /* NSColor+Extensions.h */ = {isa = PBXFileReference; fileEncoding = 4; lastKnownFileType = sourcecode.c.h; path = "NSColor+Extensions.h"; sourceTree = "<group>"; };
		AEC2A06D1B6E2F0A003B9776 /* NSColor+Extensions.m */ = {isa = PBXFileReference; fileEncoding = 4; lastKnownFileType = sourcecode.c.objc; path = "NSColor+Extensions.m"; sourceTree = "<group>"; };
		AEE765B8196A6DA600D8AAA4 /* ICLAlertViewController.h */ = {isa = PBXFileReference; fileEncoding = 4; lastKnownFileType = sourcecode.c.h; path = ICLAlertViewController.h; sourceTree = "<group>"; };
		AEE765B9196A6DA600D8AAA4 /* ICLAlertViewController.m */ = {isa = PBXFileReference; fileEncoding = 4; lastKnownFileType = sourcecode.c.objc; path = ICLAlertViewController.m; sourceTree = "<group>"; };
		AEE765BA196A6DA600D8AAA4 /* ICLAlertViewController2.xib */ = {isa = PBXFileReference; fileEncoding = 4; lastKnownFileType = file.xib; path = ICLAlertViewController2.xib; sourceTree = "<group>"; };
		AEE765BB196A6DA600D8AAA4 /* ICLAlertViewController2~iPhone.xib */ = {isa = PBXFileReference; fileEncoding = 4; lastKnownFileType = file.xib; path = "ICLAlertViewController2~iPhone.xib"; sourceTree = "<group>"; };
		AEE765BC196A6DA600D8AAA4 /* ICLAlertViewController3.xib */ = {isa = PBXFileReference; fileEncoding = 4; lastKnownFileType = file.xib; path = ICLAlertViewController3.xib; sourceTree = "<group>"; };
		AEE765BD196A6DA600D8AAA4 /* ICLAlertViewController3~iPhone.xib */ = {isa = PBXFileReference; fileEncoding = 4; lastKnownFileType = file.xib; path = "ICLAlertViewController3~iPhone.xib"; sourceTree = "<group>"; };
		AEE765BF196A6DA600D8AAA4 /* ICLCoreDataDeviceList.h */ = {isa = PBXFileReference; fileEncoding = 4; lastKnownFileType = sourcecode.c.h; path = ICLCoreDataDeviceList.h; sourceTree = "<group>"; };
		AEE765C0196A6DA600D8AAA4 /* ICLCoreDataDeviceList.m */ = {isa = PBXFileReference; fileEncoding = 4; lastKnownFileType = sourcecode.c.objc; path = ICLCoreDataDeviceList.m; sourceTree = "<group>"; };
		AEE765C1196A6DA600D8AAA4 /* ICLCoreDataManager.h */ = {isa = PBXFileReference; fileEncoding = 4; lastKnownFileType = sourcecode.c.h; path = ICLCoreDataManager.h; sourceTree = "<group>"; };
		AEE765C2196A6DA600D8AAA4 /* ICLCoreDataManager.m */ = {isa = PBXFileReference; fileEncoding = 4; lastKnownFileType = sourcecode.c.objc; path = ICLCoreDataManager.m; sourceTree = "<group>"; };
		AEE765C4196A6DA600D8AAA4 /* NSBundle+InternalExtensions.h */ = {isa = PBXFileReference; fileEncoding = 4; lastKnownFileType = sourcecode.c.h; path = "NSBundle+InternalExtensions.h"; sourceTree = "<group>"; };
		AEE765C5196A6DA600D8AAA4 /* NSBundle+InternalExtensions.m */ = {isa = PBXFileReference; fileEncoding = 4; lastKnownFileType = sourcecode.c.objc; path = "NSBundle+InternalExtensions.m"; sourceTree = "<group>"; };
		AEE765C6196A6DA600D8AAA4 /* NSURL+InternalExtensions.h */ = {isa = PBXFileReference; fileEncoding = 4; lastKnownFileType = sourcecode.c.h; path = "NSURL+InternalExtensions.h"; sourceTree = "<group>"; };
		AEE765C7196A6DA600D8AAA4 /* NSURL+InternalExtensions.m */ = {isa = PBXFileReference; fileEncoding = 4; lastKnownFileType = sourcecode.c.objc; path = "NSURL+InternalExtensions.m"; sourceTree = "<group>"; };
		AEE765D8196A6DC100D8AAA4 /* NSManagedObjectModel+KCOrderedAccessorFix.h */ = {isa = PBXFileReference; fileEncoding = 4; lastKnownFileType = sourcecode.c.h; path = "NSManagedObjectModel+KCOrderedAccessorFix.h"; sourceTree = "<group>"; };
		AEE765D9196A6DC100D8AAA4 /* NSManagedObjectModel+KCOrderedAccessorFix.m */ = {isa = PBXFileReference; fileEncoding = 4; lastKnownFileType = sourcecode.c.objc; path = "NSManagedObjectModel+KCOrderedAccessorFix.m"; sourceTree = "<group>"; };
		AEE765DA196A6DC100D8AAA4 /* README.md */ = {isa = PBXFileReference; fileEncoding = 4; lastKnownFileType = text; path = README.md; sourceTree = "<group>"; };
		AEE765ED196A6DC100D8AAA4 /* Reachability.h */ = {isa = PBXFileReference; fileEncoding = 4; lastKnownFileType = sourcecode.c.h; path = Reachability.h; sourceTree = "<group>"; };
		AEE765EE196A6DC100D8AAA4 /* Reachability.m */ = {isa = PBXFileReference; fileEncoding = 4; lastKnownFileType = sourcecode.c.objc; path = Reachability.m; sourceTree = "<group>"; };
		AEE765F2196A6DC100D8AAA4 /* ReadMe.txt */ = {isa = PBXFileReference; fileEncoding = 4; lastKnownFileType = text; path = ReadMe.txt; sourceTree = "<group>"; };
		AEEAA2F31AC81E3B004D0E78 /* ICLFinancialDataConverter.h */ = {isa = PBXFileReference; fileEncoding = 4; lastKnownFileType = sourcecode.c.h; path = ICLFinancialDataConverter.h; sourceTree = "<group>"; };
		AEEAA2F41AC81E3B004D0E78 /* ICLFinancialDataConverter.m */ = {isa = PBXFileReference; fileEncoding = 4; lastKnownFileType = sourcecode.c.objc; path = ICLFinancialDataConverter.m; sourceTree = "<group>"; };
		AEEAA2F61AC81E3B004D0E78 /* ICLSGMLWriter.h */ = {isa = PBXFileReference; fileEncoding = 4; lastKnownFileType = sourcecode.c.h; path = ICLSGMLWriter.h; sourceTree = "<group>"; };
		AEEAA2F71AC81E3B004D0E78 /* ICLSGMLWriter.m */ = {isa = PBXFileReference; fileEncoding = 4; lastKnownFileType = sourcecode.c.objc; path = ICLSGMLWriter.m; sourceTree = "<group>"; };
		AEEAA2FD1AC81E81004D0E78 /* Original Source.txt */ = {isa = PBXFileReference; fileEncoding = 4; lastKnownFileType = text; path = "Original Source.txt"; sourceTree = "<group>"; };
		AEEAA2FE1AC81E81004D0E78 /* XMLWriter.h */ = {isa = PBXFileReference; fileEncoding = 4; lastKnownFileType = sourcecode.c.h; path = XMLWriter.h; sourceTree = "<group>"; };
		AEEAA2FF1AC81E81004D0E78 /* XMLWriter.m */ = {isa = PBXFileReference; fileEncoding = 4; lastKnownFileType = sourcecode.c.objc; path = XMLWriter.m; sourceTree = "<group>"; };
		AEEAA3031AC81ED6004D0E78 /* XMLWriter.license */ = {isa = PBXFileReference; fileEncoding = 4; lastKnownFileType = text; path = XMLWriter.license; sourceTree = "<group>"; };
		AEEAA3051AC81EE8004D0E78 /* KCOrderedAccessorFix.license */ = {isa = PBXFileReference; fileEncoding = 4; lastKnownFileType = text; path = KCOrderedAccessorFix.license; sourceTree = "<group>"; };
		AEED9C731AEB1A4B004F1753 /* ICLGraphCreator.h */ = {isa = PBXFileReference; fileEncoding = 4; lastKnownFileType = sourcecode.c.h; path = ICLGraphCreator.h; sourceTree = "<group>"; };
		AEED9C741AEB1A4B004F1753 /* ICLGraphCreator.m */ = {isa = PBXFileReference; fileEncoding = 4; lastKnownFileType = sourcecode.c.objc; path = ICLGraphCreator.m; sourceTree = "<group>"; };
/* End PBXFileReference section */

/* Begin PBXFrameworksBuildPhase section */
		AE1744C117755777007051FF /* Frameworks */ = {
			isa = PBXFrameworksBuildPhase;
			buildActionMask = 2147483647;
			files = (
				AE23413E19735B8400CE6E38 /* DropboxSDK.framework in Frameworks */,
				AE1744C817755777007051FF /* Foundation.framework in Frameworks */,
			);
			runOnlyForDeploymentPostprocessing = 0;
		};
		AE174527177579F7007051FF /* Frameworks */ = {
			isa = PBXFrameworksBuildPhase;
			buildActionMask = 2147483647;
			files = (
				AE17452B177579F7007051FF /* CoreFoundation.framework in Frameworks */,
			);
			runOnlyForDeploymentPostprocessing = 0;
		};
/* End PBXFrameworksBuildPhase section */

/* Begin PBXGroup section */
		AE1744BB17755777007051FF = {
			isa = PBXGroup;
			children = (
				AE1744C917755777007051FF /* iOSCoreLibrary */,
				AE17452C177579F7007051FF /* iOSCoreLibraryBundle */,
				AE1744C617755777007051FF /* Frameworks */,
				AE1744C517755777007051FF /* Products */,
			);
			sourceTree = "<group>";
		};
		AE1744C517755777007051FF /* Products */ = {
			isa = PBXGroup;
			children = (
				AE1744C417755777007051FF /* libiOSCoreLibrary.a */,
				AE17452A177579F7007051FF /* iOSCoreLibraryBundle.bundle */,
			);
			name = Products;
			sourceTree = "<group>";
		};
		AE1744C617755777007051FF /* Frameworks */ = {
			isa = PBXGroup;
			children = (
				AE23413D19735B8400CE6E38 /* DropboxSDK.framework */,
				AE1744C717755777007051FF /* Foundation.framework */,
				AE1744D617755778007051FF /* SenTestingKit.framework */,
				AE1744D817755778007051FF /* UIKit.framework */,
				AE174511177574F5007051FF /* CoreFoundation.framework */,
			);
			name = Frameworks;
			sourceTree = "<group>";
		};
		AE1744C917755777007051FF /* iOSCoreLibrary */ = {
			isa = PBXGroup;
			children = (
				AE65B08A197B7D3900DB2172 /* BuildFlags.h */,
				AE1744CC17755777007051FF /* iOSCoreLibrary.h */,
				AE1744CE17755777007051FF /* iOSCoreLibrary.m */,
				AEE765B7196A6DA600D8AAA4 /* AlertView */,
				AEA38046179A4A2200A1CAD2 /* Categories */,
				AE21AFC11980909C00EE7644 /* ColourPicker */,
				AEE765BE196A6DA600D8AAA4 /* CoreData */,
				AEEAA2F11AC81E3B004D0E78 /* DataConverters */,
				AE8E8FC51A68C2C4005DCB38 /* DatePickerPopup */,
				AE9629841919FE5300A9AAC3 /* Dropbox */,
				AEE765D6196A6DC100D8AAA4 /* External */,
				AE8E8FCC1A68C2C4005DCB38 /* FilterableView */,
				AEED9C721AEB1A4B004F1753 /* GraphCreator */,
				AEE765C3196A6DA600D8AAA4 /* InternalCategories */,
				AEA4F5E01A5F4F030030CD5C /* ScheduleHelper */,
				AE2C04BC1B059C310057A3C3 /* Security */,
				AEEAA2F51AC81E3B004D0E78 /* SGMLWriter */,
				AE1744CA17755777007051FF /* Supporting Files */,
				AE42AEB719EB519C005C3172 /* TrainingOverlay */,
			);
			path = iOSCoreLibrary;
			sourceTree = "<group>";
		};
		AE1744CA17755777007051FF /* Supporting Files */ = {
			isa = PBXGroup;
			children = (
				AE57F7CD1980F16900B5B3FC /* iOSCoreLibraryCommon.h */,
				AE1744CB17755777007051FF /* iOSCoreLibrary-Prefix.pch */,
			);
			name = "Supporting Files";
			sourceTree = "<group>";
		};
		AE17452C177579F7007051FF /* iOSCoreLibraryBundle */ = {
			isa = PBXGroup;
			children = (
				AEE76609196A6DF700D8AAA4 /* Localization */,
				AE17452D177579F8007051FF /* Supporting Files */,
			);
			path = iOSCoreLibraryBundle;
			sourceTree = "<group>";
		};
		AE17452D177579F8007051FF /* Supporting Files */ = {
			isa = PBXGroup;
			children = (
				AE17452E177579F8007051FF /* iOSCoreLibraryBundle-Info.plist */,
				AE17452F177579F8007051FF /* InfoPlist.strings */,
				AE174532177579F8007051FF /* iOSCoreLibraryBundle-Prefix.pch */,
			);
			name = "Supporting Files";
			sourceTree = "<group>";
		};
		AE21AFC11980909C00EE7644 /* ColourPicker */ = {
			isa = PBXGroup;
			children = (
				AE21AFC21980909C00EE7644 /* ICLColourPickerViewController.h */,
				AE21AFC31980909C00EE7644 /* ICLColourPickerViewController.m */,
				AE21AFC41980909C00EE7644 /* ICLColourPickerViewController.xib */,
				AE21AFC51980909C00EE7644 /* ICLColourPickerViewController~iPhone.xib */,
			);
			path = ColourPicker;
			sourceTree = "<group>";
		};
		AE2C045B1B059BDC0057A3C3 /* ABPadLockScreen */ = {
			isa = PBXGroup;
			children = (
				AE2C045E1B059BDC0057A3C3 /* ABPadLockScreen */,
				AE2C048A1B059BDC0057A3C3 /* LICENSE */,
				AE2C048B1B059BDC0057A3C3 /* README.md */,
			);
			path = ABPadLockScreen;
			sourceTree = "<group>";
		};
		AE2C045E1B059BDC0057A3C3 /* ABPadLockScreen */ = {
			isa = PBXGroup;
			children = (
				AE2C045F1B059BDC0057A3C3 /* ABPadButton.h */,
				AE2C04601B059BDC0057A3C3 /* ABPadButton.m */,
				AE2C04611B059BDC0057A3C3 /* ABPadLockScreenAbstractViewController.h */,
				AE2C04621B059BDC0057A3C3 /* ABPadLockScreenAbstractViewController.m */,
				AE2C04631B059BDC0057A3C3 /* ABPadLockScreenSetupViewController.h */,
				AE2C04641B059BDC0057A3C3 /* ABPadLockScreenSetupViewController.m */,
				AE2C04651B059BDC0057A3C3 /* ABPadLockScreenView.h */,
				AE2C04661B059BDC0057A3C3 /* ABPadLockScreenView.m */,
				AE2C04671B059BDC0057A3C3 /* ABPadLockScreenViewController.h */,
				AE2C04681B059BDC0057A3C3 /* ABPadLockScreenViewController.m */,
				AE2C04691B059BDC0057A3C3 /* ABPinSelectionView.h */,
				AE2C046A1B059BDC0057A3C3 /* ABPinSelectionView.m */,
			);
			path = ABPadLockScreen;
			sourceTree = "<group>";
		};
		AE2C04B71B059C200057A3C3 /* KeychainItemWrapper */ = {
			isa = PBXGroup;
			children = (
				AE2C04B81B059C200057A3C3 /* KeychainItemWrapper.h */,
				AE2C04B91B059C200057A3C3 /* KeychainItemWrapper.m */,
			);
			path = KeychainItemWrapper;
			sourceTree = "<group>";
		};
		AE2C04BC1B059C310057A3C3 /* Security */ = {
			isa = PBXGroup;
			children = (
				AE2C04BD1B059C310057A3C3 /* ICLSecureAppDelegate.h */,
				AE2C04BE1B059C310057A3C3 /* ICLSecureAppDelegate.m */,
				AE2C04BF1B059C310057A3C3 /* ICLSecurityCommon.h */,
				AE2C04C01B059C310057A3C3 /* ICLSecurityConfigurationViewController.h */,
				AE2C04C11B059C310057A3C3 /* ICLSecurityConfigurationViewController.m */,
			);
			path = Security;
			sourceTree = "<group>";
		};
		AE42AEB719EB519C005C3172 /* TrainingOverlay */ = {
			isa = PBXGroup;
			children = (
				AE42AEB819EB519C005C3172 /* ICLTrainingOverlay.h */,
				AE42AEB919EB519C005C3172 /* ICLTrainingOverlay.m */,
				AE42AEBA19EB519C005C3172 /* ICLTrainingOverlayCommon.h */,
				AE42AEBB19EB519C005C3172 /* ICLTrainingOverlayData.h */,
				AE42AEBC19EB519C005C3172 /* ICLTrainingOverlayData.m */,
			);
			path = TrainingOverlay;
			sourceTree = "<group>";
		};
		AE42AEC619EB5353005C3172 /* UIImageEffects */ = {
			isa = PBXGroup;
			children = (
				AE42AEC219EB534F005C3172 /* UIImageEffects.h */,
				AE42AEC319EB534F005C3172 /* UIImageEffects.m */,
			);
			name = UIImageEffects;
			sourceTree = "<group>";
		};
		AE8E8FC51A68C2C4005DCB38 /* DatePickerPopup */ = {
			isa = PBXGroup;
			children = (
				AE8E8FC61A68C2C4005DCB38 /* ICLDatePickerPopupViewController.h */,
				AE8E8FC71A68C2C4005DCB38 /* ICLDatePickerPopupViewController.m */,
				AE8E8FC81A68C2C4005DCB38 /* ICLDatePickerPopupViewController.xib */,
				AE8E8FC91A68C2C4005DCB38 /* ICLDatePickerPopupViewController_2Dates.xib */,
				AE8E8FCA1A68C2C4005DCB38 /* ICLDatePickerTransition.h */,
				AE8E8FCB1A68C2C4005DCB38 /* ICLDatePickerTransition.m */,
			);
			path = DatePickerPopup;
			sourceTree = "<group>";
		};
		AE8E8FCC1A68C2C4005DCB38 /* FilterableView */ = {
			isa = PBXGroup;
			children = (
				AE8E8FCD1A68C2C4005DCB38 /* ICLFilterableViewController.h */,
				AE8E8FCE1A68C2C4005DCB38 /* ICLFilterableViewController.m */,
			);
			path = FilterableView;
			sourceTree = "<group>";
		};
		AE9629841919FE5300A9AAC3 /* Dropbox */ = {
			isa = PBXGroup;
			children = (
				AE9629851919FE9600A9AAC3 /* ICLUploadToDropboxViewController.h */,
				AE9629861919FE9600A9AAC3 /* ICLUploadToDropboxViewController.m */,
				AE9629871919FE9600A9AAC3 /* ICLUploadToDropboxViewController.xib */,
				AE96298B1919FEB200A9AAC3 /* ICLUploadToDropboxViewController~iPhone.xib */,
			);
			path = Dropbox;
			sourceTree = "<group>";
		};
		AEA38046179A4A2200A1CAD2 /* Categories */ = {
			isa = PBXGroup;
			children = (
				AEC2A06C1B6E2F0A003B9776 /* NSColor+Extensions.h */,
				AEC2A06D1B6E2F0A003B9776 /* NSColor+Extensions.m */,
				AE7FF7511981CE09002D3F9E /* UITextField+matchesRegex.h */,
				AE7FF7521981CE09002D3F9E /* UITextField+matchesRegex.m */,
				AE21AFD01980919000EE7644 /* UIButton+applyGlassStyle.h */,
				AE21AFD11980919000EE7644 /* UIButton+applyGlassStyle.m */,
				AE21AFD21980919000EE7644 /* UIColor+extensions.h */,
				AE21AFD31980919000EE7644 /* UIColor+extensions.m */,
				AE21AFD41980919000EE7644 /* UIViewController+Extensions.h */,
				AE21AFD51980919000EE7644 /* UIViewController+Extensions.m */,
				AE21AFCC1980912F00EE7644 /* NSDate+Extensions.h */,
				AE21AFCD1980912F00EE7644 /* NSDate+Extensions.m */,
			);
			path = Categories;
			sourceTree = "<group>";
		};
		AEA4F5E01A5F4F030030CD5C /* ScheduleHelper */ = {
			isa = PBXGroup;
			children = (
				AEA4F5DC1A5F4F000030CD5C /* ICLScheduleHelper.m */,
				AEA4F5DD1A5F4F000030CD5C /* ICLScheduleHelper.h */,
			);
			path = ScheduleHelper;
			sourceTree = "<group>";
		};
		AEE765B7196A6DA600D8AAA4 /* AlertView */ = {
			isa = PBXGroup;
			children = (
				AEE765B8196A6DA600D8AAA4 /* ICLAlertViewController.h */,
				AEE765B9196A6DA600D8AAA4 /* ICLAlertViewController.m */,
				AEE765BA196A6DA600D8AAA4 /* ICLAlertViewController2.xib */,
				AEE765BB196A6DA600D8AAA4 /* ICLAlertViewController2~iPhone.xib */,
				AEE765BC196A6DA600D8AAA4 /* ICLAlertViewController3.xib */,
				AEE765BD196A6DA600D8AAA4 /* ICLAlertViewController3~iPhone.xib */,
			);
			path = AlertView;
			sourceTree = "<group>";
		};
		AEE765BE196A6DA600D8AAA4 /* CoreData */ = {
			isa = PBXGroup;
			children = (
				AEE765BF196A6DA600D8AAA4 /* ICLCoreDataDeviceList.h */,
				AEE765C0196A6DA600D8AAA4 /* ICLCoreDataDeviceList.m */,
				AEE765C1196A6DA600D8AAA4 /* ICLCoreDataManager.h */,
				AEE765C2196A6DA600D8AAA4 /* ICLCoreDataManager.m */,
			);
			path = CoreData;
			sourceTree = "<group>";
		};
		AEE765C3196A6DA600D8AAA4 /* InternalCategories */ = {
			isa = PBXGroup;
			children = (
				AEE765C4196A6DA600D8AAA4 /* NSBundle+InternalExtensions.h */,
				AEE765C5196A6DA600D8AAA4 /* NSBundle+InternalExtensions.m */,
				AEE765C6196A6DA600D8AAA4 /* NSURL+InternalExtensions.h */,
				AEE765C7196A6DA600D8AAA4 /* NSURL+InternalExtensions.m */,
			);
			path = InternalCategories;
			sourceTree = "<group>";
		};
		AEE765D6196A6DC100D8AAA4 /* External */ = {
			isa = PBXGroup;
			children = (
				AE2C04B71B059C200057A3C3 /* KeychainItemWrapper */,
				AE2C045B1B059BDC0057A3C3 /* ABPadLockScreen */,
				AE42AEC619EB5353005C3172 /* UIImageEffects */,
				AEE765D7196A6DC100D8AAA4 /* KCOrderedAccessorFix */,
				AEE765DB196A6DC100D8AAA4 /* Reachability */,
				AEEAA2FC1AC81E81004D0E78 /* XMLWriter-1.0.4-MIT */,
			);
			path = External;
			sourceTree = "<group>";
		};
		AEE765D7196A6DC100D8AAA4 /* KCOrderedAccessorFix */ = {
			isa = PBXGroup;
			children = (
				AEEAA3051AC81EE8004D0E78 /* KCOrderedAccessorFix.license */,
				AEE765D8196A6DC100D8AAA4 /* NSManagedObjectModel+KCOrderedAccessorFix.h */,
				AEE765D9196A6DC100D8AAA4 /* NSManagedObjectModel+KCOrderedAccessorFix.m */,
				AEE765DA196A6DC100D8AAA4 /* README.md */,
			);
			path = KCOrderedAccessorFix;
			sourceTree = "<group>";
		};
		AEE765DB196A6DC100D8AAA4 /* Reachability */ = {
			isa = PBXGroup;
			children = (
				AEE765DC196A6DC100D8AAA4 /* Reachability */,
				AEE765F2196A6DC100D8AAA4 /* ReadMe.txt */,
			);
			path = Reachability;
			sourceTree = "<group>";
		};
		AEE765DC196A6DC100D8AAA4 /* Reachability */ = {
			isa = PBXGroup;
			children = (
				AEE765ED196A6DC100D8AAA4 /* Reachability.h */,
				AEE765EE196A6DC100D8AAA4 /* Reachability.m */,
			);
			path = Reachability;
			sourceTree = "<group>";
		};
		AEE76609196A6DF700D8AAA4 /* Localization */ = {
			isa = PBXGroup;
			children = (
				AEE7660A196A6E1300D8AAA4 /* en.lproj */,
			);
			name = Localization;
			sourceTree = "<group>";
		};
		AEE7660A196A6E1300D8AAA4 /* en.lproj */ = {
			isa = PBXGroup;
			children = (
				AE2C04401B059BBB0057A3C3 /* Common.strings */,
				AE2C04421B059BBB0057A3C3 /* Filters.strings */,
				AE2C04441B059BBB0057A3C3 /* ICL_Common.strings */,
				AE2C04461B059BBB0057A3C3 /* ICL_Dropbox.strings */,
				AE2C04481B059BBB0057A3C3 /* ICL_iCloud.strings */,
				AE2C044A1B059BBB0057A3C3 /* ICL_Security.strings */,
				AE2C044C1B059BBB0057A3C3 /* ICL_TrainingOverlay.strings */,
				AE2C044E1B059BBC0057A3C3 /* Localizable.strings */,
				AE2C04501B059BBC0057A3C3 /* UI_Autogenerated.strings */,
			);
			path = en.lproj;
			sourceTree = "<group>";
		};
		AEEAA2F11AC81E3B004D0E78 /* DataConverters */ = {
			isa = PBXGroup;
			children = (
				AEEAA2F21AC81E3B004D0E78 /* Financial */,
			);
			path = DataConverters;
			sourceTree = "<group>";
		};
		AEEAA2F21AC81E3B004D0E78 /* Financial */ = {
			isa = PBXGroup;
			children = (
				AEEAA2F31AC81E3B004D0E78 /* ICLFinancialDataConverter.h */,
				AEEAA2F41AC81E3B004D0E78 /* ICLFinancialDataConverter.m */,
			);
			path = Financial;
			sourceTree = "<group>";
		};
		AEEAA2F51AC81E3B004D0E78 /* SGMLWriter */ = {
			isa = PBXGroup;
			children = (
				AEEAA2F61AC81E3B004D0E78 /* ICLSGMLWriter.h */,
				AEEAA2F71AC81E3B004D0E78 /* ICLSGMLWriter.m */,
			);
			path = SGMLWriter;
			sourceTree = "<group>";
		};
		AEEAA2FC1AC81E81004D0E78 /* XMLWriter-1.0.4-MIT */ = {
			isa = PBXGroup;
			children = (
				AEEAA3031AC81ED6004D0E78 /* XMLWriter.license */,
				AEEAA2FD1AC81E81004D0E78 /* Original Source.txt */,
				AEEAA2FE1AC81E81004D0E78 /* XMLWriter.h */,
				AEEAA2FF1AC81E81004D0E78 /* XMLWriter.m */,
			);
			path = "XMLWriter-1.0.4-MIT";
			sourceTree = "<group>";
		};
		AEED9C721AEB1A4B004F1753 /* GraphCreator */ = {
			isa = PBXGroup;
			children = (
				AEED9C731AEB1A4B004F1753 /* ICLGraphCreator.h */,
				AEED9C741AEB1A4B004F1753 /* ICLGraphCreator.m */,
			);
			name = GraphCreator;
			path = iOSCoreLibrary/GraphCreator;
			sourceTree = SOURCE_ROOT;
		};
/* End PBXGroup section */

/* Begin PBXHeadersBuildPhase section */
		AE17450717756BD3007051FF /* Headers */ = {
			isa = PBXHeadersBuildPhase;
			buildActionMask = 2147483647;
			files = (
				AE42AEBD19EB519C005C3172 /* ICLTrainingOverlay.h in Headers */,
				AEE76602196A6DC100D8AAA4 /* Reachability.h in Headers */,
				AEE765C8196A6DA600D8AAA4 /* ICLAlertViewController.h in Headers */,
				AEC2A06E1B6E2F0A003B9776 /* NSColor+Extensions.h in Headers */,
				AE2C04C41B059C310057A3C3 /* ICLSecurityCommon.h in Headers */,
				AE2C04BA1B059C200057A3C3 /* KeychainItemWrapper.h in Headers */,
				AE42AEC419EB534F005C3172 /* UIImageEffects.h in Headers */,
				AE42AEBF19EB519C005C3172 /* ICLTrainingOverlayCommon.h in Headers */,
				AE2C04901B059BDC0057A3C3 /* ABPadLockScreenAbstractViewController.h in Headers */,
				AE42AEC019EB519C005C3172 /* ICLTrainingOverlayData.h in Headers */,
				AE2C04941B059BDC0057A3C3 /* ABPadLockScreenView.h in Headers */,
				AE7FF7531981CE09002D3F9E /* UITextField+matchesRegex.h in Headers */,
				AE21AFD61980919000EE7644 /* UIButton+applyGlassStyle.h in Headers */,
				AE2C04C21B059C310057A3C3 /* ICLSecureAppDelegate.h in Headers */,
				AE2C04C51B059C310057A3C3 /* ICLSecurityConfigurationViewController.h in Headers */,
				AEE765D2196A6DA600D8AAA4 /* NSBundle+InternalExtensions.h in Headers */,
				AEED9C751AEB1A4B004F1753 /* ICLGraphCreator.h in Headers */,
				AE21AFC61980909C00EE7644 /* ICLColourPickerViewController.h in Headers */,
				AE21AFCE1980912F00EE7644 /* NSDate+Extensions.h in Headers */,
				AEE765F3196A6DC100D8AAA4 /* NSManagedObjectModel+KCOrderedAccessorFix.h in Headers */,
				AE2C04921B059BDC0057A3C3 /* ABPadLockScreenSetupViewController.h in Headers */,
				AE8E8FD51A68C2C4005DCB38 /* ICLFilterableViewController.h in Headers */,
				AE8E8FD31A68C2C4005DCB38 /* ICLDatePickerTransition.h in Headers */,
				AE21AFD81980919000EE7644 /* UIColor+extensions.h in Headers */,
				AEE765CE196A6DA600D8AAA4 /* ICLCoreDataDeviceList.h in Headers */,
				AEA4F5DF1A5F4F000030CD5C /* ICLScheduleHelper.h in Headers */,
				AE65B08B197B7D3900DB2172 /* BuildFlags.h in Headers */,
				AE2C048E1B059BDC0057A3C3 /* ABPadButton.h in Headers */,
				AEE765D4196A6DA600D8AAA4 /* NSURL+InternalExtensions.h in Headers */,
				AEEAA2FA1AC81E3B004D0E78 /* ICLSGMLWriter.h in Headers */,
				AEE765D0196A6DA600D8AAA4 /* ICLCoreDataManager.h in Headers */,
				AE9629881919FE9600A9AAC3 /* ICLUploadToDropboxViewController.h in Headers */,
				AE2C04981B059BDC0057A3C3 /* ABPinSelectionView.h in Headers */,
				AE8E8FCF1A68C2C4005DCB38 /* ICLDatePickerPopupViewController.h in Headers */,
				AEEAA2F81AC81E3B004D0E78 /* ICLFinancialDataConverter.h in Headers */,
				AEEAA3011AC81E81004D0E78 /* XMLWriter.h in Headers */,
				AE21AFDA1980919000EE7644 /* UIViewController+Extensions.h in Headers */,
				AE2C04961B059BDC0057A3C3 /* ABPadLockScreenViewController.h in Headers */,
				AE57F7CE1980F16900B5B3FC /* iOSCoreLibraryCommon.h in Headers */,
			);
			runOnlyForDeploymentPostprocessing = 0;
		};
/* End PBXHeadersBuildPhase section */

/* Begin PBXNativeTarget section */
		AE1744C317755777007051FF /* iOSCoreLibrary */ = {
			isa = PBXNativeTarget;
			buildConfigurationList = AE1744E917755778007051FF /* Build configuration list for PBXNativeTarget "iOSCoreLibrary" */;
			buildPhases = (
				AE1744C017755777007051FF /* Sources */,
				AE1744C117755777007051FF /* Frameworks */,
				AE1744C217755777007051FF /* CopyFiles */,
				AE17450717756BD3007051FF /* Headers */,
				AE17450917756BEF007051FF /* Resources */,
			);
			buildRules = (
			);
			dependencies = (
			);
			name = iOSCoreLibrary;
			productName = iOSCoreLibrary;
			productReference = AE1744C417755777007051FF /* libiOSCoreLibrary.a */;
			productType = "com.apple.product-type.library.static";
		};
		AE174529177579F7007051FF /* iOSCoreLibraryBundle */ = {
			isa = PBXNativeTarget;
			buildConfigurationList = AE174533177579F8007051FF /* Build configuration list for PBXNativeTarget "iOSCoreLibraryBundle" */;
			buildPhases = (
				AE174526177579F7007051FF /* Sources */,
				AE174527177579F7007051FF /* Frameworks */,
				AE174528177579F7007051FF /* Resources */,
			);
			buildRules = (
			);
			dependencies = (
			);
			name = iOSCoreLibraryBundle;
			productName = iOSCoreLibraryBundle;
			productReference = AE17452A177579F7007051FF /* iOSCoreLibraryBundle.bundle */;
			productType = "com.apple.product-type.bundle";
		};
/* End PBXNativeTarget section */

/* Begin PBXProject section */
		AE1744BC17755777007051FF /* Project object */ = {
			isa = PBXProject;
			attributes = {
				LastTestingUpgradeCheck = 0510;
				LastUpgradeCheck = 0500;
				ORGANIZATIONNAME = "Iain McManus";
			};
			buildConfigurationList = AE1744BF17755777007051FF /* Build configuration list for PBXProject "iOSCoreLibrary" */;
			compatibilityVersion = "Xcode 3.2";
			developmentRegion = English;
			hasScannedForEncodings = 0;
			knownRegions = (
				en,
				Base,
			);
			mainGroup = AE1744BB17755777007051FF;
			productRefGroup = AE1744C517755777007051FF /* Products */;
			projectDirPath = "";
			projectRoot = "";
			targets = (
				AE1744C317755777007051FF /* iOSCoreLibrary */,
				AE174529177579F7007051FF /* iOSCoreLibraryBundle */,
			);
		};
/* End PBXProject section */

/* Begin PBXResourcesBuildPhase section */
		AE17450917756BEF007051FF /* Resources */ = {
			isa = PBXResourcesBuildPhase;
			buildActionMask = 2147483647;
			files = (
				AE2C04AF1B059BDC0057A3C3 /* LICENSE in Resources */,
				AEE765CC196A6DA600D8AAA4 /* ICLAlertViewController3.xib in Resources */,
				AE96298C1919FEB200A9AAC3 /* ICLUploadToDropboxViewController~iPhone.xib in Resources */,
				AEEAA3001AC81E81004D0E78 /* Original Source.txt in Resources */,
				AE8E8FD11A68C2C4005DCB38 /* ICLDatePickerPopupViewController.xib in Resources */,
				AE8E8FD21A68C2C4005DCB38 /* ICLDatePickerPopupViewController_2Dates.xib in Resources */,
				AEEAA3061AC81EE8004D0E78 /* KCOrderedAccessorFix.license in Resources */,
				AEE765CD196A6DA600D8AAA4 /* ICLAlertViewController3~iPhone.xib in Resources */,
				AEE765F5196A6DC100D8AAA4 /* README.md in Resources */,
				AEE765CB196A6DA600D8AAA4 /* ICLAlertViewController2~iPhone.xib in Resources */,
				AEEAA3041AC81ED6004D0E78 /* XMLWriter.license in Resources */,
				AEE765CA196A6DA600D8AAA4 /* ICLAlertViewController2.xib in Resources */,
				AE96298A1919FE9600A9AAC3 /* ICLUploadToDropboxViewController.xib in Resources */,
				AEE76604196A6DC100D8AAA4 /* ReadMe.txt in Resources */,
				AE21AFC91980909C00EE7644 /* ICLColourPickerViewController~iPhone.xib in Resources */,
				AE21AFC81980909C00EE7644 /* ICLColourPickerViewController.xib in Resources */,
			);
			runOnlyForDeploymentPostprocessing = 0;
		};
		AE174528177579F7007051FF /* Resources */ = {
			isa = PBXResourcesBuildPhase;
			buildActionMask = 2147483647;
			files = (
				AEE76623196A6E9600D8AAA4 /* ICLAlertViewController3~iPhone.xib in Resources */,
				AE2C04561B059BBC0057A3C3 /* ICL_iCloud.strings in Resources */,
				AE2C04551B059BBC0057A3C3 /* ICL_Dropbox.strings in Resources */,
				AE96298F1919FF5E00A9AAC3 /* ICLUploadToDropboxViewController.xib in Resources */,
				AE2C04571B059BBC0057A3C3 /* ICL_Security.strings in Resources */,
				AEE76621196A6E9100D8AAA4 /* ICLAlertViewController2~iPhone.xib in Resources */,
				AE9629901919FF5E00A9AAC3 /* ICLUploadToDropboxViewController~iPhone.xib in Resources */,
				AE8E8FD71A68C2DA005DCB38 /* ICLDatePickerPopupViewController.xib in Resources */,
				AEE76622196A6E9400D8AAA4 /* ICLAlertViewController3.xib in Resources */,
				AEE76620196A6E8E00D8AAA4 /* ICLAlertViewController2.xib in Resources */,
				AE2C04581B059BBC0057A3C3 /* ICL_TrainingOverlay.strings in Resources */,
				AE21AFCB198090AC00EE7644 /* ICLColourPickerViewController~iPhone.xib in Resources */,
				AE2C04531B059BBC0057A3C3 /* Filters.strings in Resources */,
				AE2C045A1B059BBC0057A3C3 /* UI_Autogenerated.strings in Resources */,
				AE174531177579F8007051FF /* InfoPlist.strings in Resources */,
				AE21AFCA198090A900EE7644 /* ICLColourPickerViewController.xib in Resources */,
				AE8E8FD81A68C2DD005DCB38 /* ICLDatePickerPopupViewController_2Dates.xib in Resources */,
				AE2C04591B059BBC0057A3C3 /* Localizable.strings in Resources */,
				AE2C04541B059BBC0057A3C3 /* ICL_Common.strings in Resources */,
				AE2C04521B059BBC0057A3C3 /* Common.strings in Resources */,
			);
			runOnlyForDeploymentPostprocessing = 0;
		};
/* End PBXResourcesBuildPhase section */

/* Begin PBXSourcesBuildPhase section */
		AE1744C017755777007051FF /* Sources */ = {
			isa = PBXSourcesBuildPhase;
			buildActionMask = 2147483647;
			files = (
				AEE765D5196A6DA600D8AAA4 /* NSURL+InternalExtensions.m in Sources */,
				AE1744CF17755777007051FF /* iOSCoreLibrary.m in Sources */,
				AE2C04C61B059C310057A3C3 /* ICLSecurityConfigurationViewController.m in Sources */,
				AEE765F4196A6DC100D8AAA4 /* NSManagedObjectModel+KCOrderedAccessorFix.m in Sources */,
				AEA4F5DE1A5F4F000030CD5C /* ICLScheduleHelper.m in Sources */,
				AE8E8FD01A68C2C4005DCB38 /* ICLDatePickerPopupViewController.m in Sources */,
				AE2C04971B059BDC0057A3C3 /* ABPadLockScreenViewController.m in Sources */,
				AE21AFD71980919000EE7644 /* UIButton+applyGlassStyle.m in Sources */,
				AE2C04931B059BDC0057A3C3 /* ABPadLockScreenSetupViewController.m in Sources */,
				AE2C04C31B059C310057A3C3 /* ICLSecureAppDelegate.m in Sources */,
				AEC2A06F1B6E2F0A003B9776 /* NSColor+Extensions.m in Sources */,
				AE21AFCF1980912F00EE7644 /* NSDate+Extensions.m in Sources */,
				AEEAA3021AC81E81004D0E78 /* XMLWriter.m in Sources */,
				AE42AEBE19EB519C005C3172 /* ICLTrainingOverlay.m in Sources */,
				AE21AFD91980919000EE7644 /* UIColor+extensions.m in Sources */,
				AEE765D3196A6DA600D8AAA4 /* NSBundle+InternalExtensions.m in Sources */,
				AEEAA2FB1AC81E3B004D0E78 /* ICLSGMLWriter.m in Sources */,
				AE2C04BB1B059C200057A3C3 /* KeychainItemWrapper.m in Sources */,
				AEE765CF196A6DA600D8AAA4 /* ICLCoreDataDeviceList.m in Sources */,
				AE2C048F1B059BDC0057A3C3 /* ABPadButton.m in Sources */,
				AEE765C9196A6DA600D8AAA4 /* ICLAlertViewController.m in Sources */,
				AE2C04951B059BDC0057A3C3 /* ABPadLockScreenView.m in Sources */,
				AE7FF7541981CE09002D3F9E /* UITextField+matchesRegex.m in Sources */,
				AEE76603196A6DC100D8AAA4 /* Reachability.m in Sources */,
				AE21AFDB1980919000EE7644 /* UIViewController+Extensions.m in Sources */,
				AEEAA2F91AC81E3B004D0E78 /* ICLFinancialDataConverter.m in Sources */,
				AE8E8FD41A68C2C4005DCB38 /* ICLDatePickerTransition.m in Sources */,
				AE42AEC119EB519C005C3172 /* ICLTrainingOverlayData.m in Sources */,
				AE42AEC519EB534F005C3172 /* UIImageEffects.m in Sources */,
				AEE765D1196A6DA600D8AAA4 /* ICLCoreDataManager.m in Sources */,
				AE2C04991B059BDC0057A3C3 /* ABPinSelectionView.m in Sources */,
				AEED9C761AEB1A4B004F1753 /* ICLGraphCreator.m in Sources */,
				AE8E8FD61A68C2C4005DCB38 /* ICLFilterableViewController.m in Sources */,
				AE9629891919FE9600A9AAC3 /* ICLUploadToDropboxViewController.m in Sources */,
				AE2C04911B059BDC0057A3C3 /* ABPadLockScreenAbstractViewController.m in Sources */,
				AE21AFC71980909C00EE7644 /* ICLColourPickerViewController.m in Sources */,
			);
			runOnlyForDeploymentPostprocessing = 0;
		};
		AE174526177579F7007051FF /* Sources */ = {
			isa = PBXSourcesBuildPhase;
			buildActionMask = 2147483647;
			files = (
			);
			runOnlyForDeploymentPostprocessing = 0;
		};
/* End PBXSourcesBuildPhase section */

/* Begin PBXVariantGroup section */
		AE17452F177579F8007051FF /* InfoPlist.strings */ = {
			isa = PBXVariantGroup;
			children = (
				AE174530177579F8007051FF /* en */,
			);
			name = InfoPlist.strings;
			sourceTree = "<group>";
		};
		AE2C04401B059BBB0057A3C3 /* Common.strings */ = {
			isa = PBXVariantGroup;
			children = (
				AE2C04411B059BBB0057A3C3 /* en */,
			);
			name = Common.strings;
			sourceTree = "<group>";
		};
		AE2C04421B059BBB0057A3C3 /* Filters.strings */ = {
			isa = PBXVariantGroup;
			children = (
				AE2C04431B059BBB0057A3C3 /* en */,
			);
			name = Filters.strings;
			sourceTree = "<group>";
		};
		AE2C04441B059BBB0057A3C3 /* ICL_Common.strings */ = {
			isa = PBXVariantGroup;
			children = (
				AE2C04451B059BBB0057A3C3 /* en */,
			);
			name = ICL_Common.strings;
			sourceTree = "<group>";
		};
		AE2C04461B059BBB0057A3C3 /* ICL_Dropbox.strings */ = {
			isa = PBXVariantGroup;
			children = (
				AE2C04471B059BBB0057A3C3 /* en */,
			);
			name = ICL_Dropbox.strings;
			sourceTree = "<group>";
		};
		AE2C04481B059BBB0057A3C3 /* ICL_iCloud.strings */ = {
			isa = PBXVariantGroup;
			children = (
				AE2C04491B059BBB0057A3C3 /* en */,
			);
			name = ICL_iCloud.strings;
			sourceTree = "<group>";
		};
		AE2C044A1B059BBB0057A3C3 /* ICL_Security.strings */ = {
			isa = PBXVariantGroup;
			children = (
				AE2C044B1B059BBB0057A3C3 /* en */,
			);
			name = ICL_Security.strings;
			sourceTree = "<group>";
		};
		AE2C044C1B059BBB0057A3C3 /* ICL_TrainingOverlay.strings */ = {
			isa = PBXVariantGroup;
			children = (
				AE2C044D1B059BBB0057A3C3 /* en */,
			);
			name = ICL_TrainingOverlay.strings;
			sourceTree = "<group>";
		};
		AE2C044E1B059BBC0057A3C3 /* Localizable.strings */ = {
			isa = PBXVariantGroup;
			children = (
				AE2C044F1B059BBC0057A3C3 /* en */,
			);
			name = Localizable.strings;
			sourceTree = "<group>";
		};
		AE2C04501B059BBC0057A3C3 /* UI_Autogenerated.strings */ = {
			isa = PBXVariantGroup;
			children = (
				AE2C04511B059BBC0057A3C3 /* en */,
			);
			name = UI_Autogenerated.strings;
			sourceTree = "<group>";
		};
/* End PBXVariantGroup section */

/* Begin XCBuildConfiguration section */
		AE1744E717755778007051FF /* Debug */ = {
			isa = XCBuildConfiguration;
			buildSettings = {
				ALWAYS_SEARCH_USER_PATHS = NO;
				CLANG_CXX_LANGUAGE_STANDARD = "gnu++0x";
				CLANG_CXX_LIBRARY = "libc++";
				CLANG_ENABLE_MODULES = YES;
				CLANG_ENABLE_OBJC_ARC = YES;
				CLANG_WARN_CONSTANT_CONVERSION = YES;
				CLANG_WARN_EMPTY_BODY = YES;
				CLANG_WARN_ENUM_CONVERSION = YES;
				CLANG_WARN_INT_CONVERSION = YES;
				CLANG_WARN__DUPLICATE_METHOD_MATCH = YES;
				COPY_PHASE_STRIP = NO;
				GCC_C_LANGUAGE_STANDARD = gnu99;
				GCC_DYNAMIC_NO_PIC = NO;
				GCC_OPTIMIZATION_LEVEL = 0;
				GCC_PREPROCESSOR_DEFINITIONS = (
					"DEBUG=1",
					"$(inherited)",
				);
				GCC_SYMBOLS_PRIVATE_EXTERN = NO;
				GCC_WARN_ABOUT_RETURN_TYPE = YES;
				GCC_WARN_UNINITIALIZED_AUTOS = YES;
				GCC_WARN_UNUSED_VARIABLE = YES;
				IPHONEOS_DEPLOYMENT_TARGET = 6.1;
				ONLY_ACTIVE_ARCH = YES;
				SDKROOT = iphoneos;
				SKIP_INSTALL = YES;
				SUPPORTED_PLATFORMS = "iphonesimulator iphoneos macosx";
				VALID_ARCHS = "arm64 armv7 armv7s i386 x86_64";
			};
			name = Debug;
		};
		AE1744E817755778007051FF /* Release */ = {
			isa = XCBuildConfiguration;
			buildSettings = {
				ALWAYS_SEARCH_USER_PATHS = NO;
				CLANG_CXX_LANGUAGE_STANDARD = "gnu++0x";
				CLANG_CXX_LIBRARY = "libc++";
				CLANG_ENABLE_MODULES = YES;
				CLANG_ENABLE_OBJC_ARC = YES;
				CLANG_WARN_CONSTANT_CONVERSION = YES;
				CLANG_WARN_EMPTY_BODY = YES;
				CLANG_WARN_ENUM_CONVERSION = YES;
				CLANG_WARN_INT_CONVERSION = YES;
				CLANG_WARN__DUPLICATE_METHOD_MATCH = YES;
				COPY_PHASE_STRIP = YES;
				GCC_C_LANGUAGE_STANDARD = gnu99;
				GCC_WARN_ABOUT_RETURN_TYPE = YES;
				GCC_WARN_UNINITIALIZED_AUTOS = YES;
				GCC_WARN_UNUSED_VARIABLE = YES;
				IPHONEOS_DEPLOYMENT_TARGET = 6.1;
				ONLY_ACTIVE_ARCH = NO;
				SDKROOT = iphoneos;
				SKIP_INSTALL = YES;
				SUPPORTED_PLATFORMS = "iphonesimulator iphoneos macosx";
				VALIDATE_PRODUCT = YES;
				VALID_ARCHS = "arm64 armv7 armv7s i386 x86_64";
			};
			name = Release;
		};
		AE1744EA17755778007051FF /* Debug */ = {
			isa = XCBuildConfiguration;
			buildSettings = {
				DSTROOT = /tmp/iOSCoreLibrary.dst;
				FRAMEWORK_SEARCH_PATHS = (
					"$(inherited)",
					"$(PROJECT_DIR)",
					"$(PROJECT_DIR)/ThirdParty/DropboxSDK",
				);
				GCC_PRECOMPILE_PREFIX_HEADER = YES;
				GCC_PREFIX_HEADER = "iOSCoreLibrary/iOSCoreLibrary-Prefix.pch";
				ONLY_ACTIVE_ARCH = YES;
				OTHER_LDFLAGS = "-ObjC";
				PRODUCT_NAME = "$(TARGET_NAME)";
				PUBLIC_HEADERS_FOLDER_PATH = "include/$(TARGET_NAME)";
				SDKROOT = macosx;
				SKIP_INSTALL = YES;
			};
			name = Debug;
		};
		AE1744EB17755778007051FF /* Release */ = {
			isa = XCBuildConfiguration;
			buildSettings = {
				DSTROOT = /tmp/iOSCoreLibrary.dst;
				FRAMEWORK_SEARCH_PATHS = (
					"$(inherited)",
					"$(PROJECT_DIR)",
					"$(PROJECT_DIR)/ThirdParty/DropboxSDK",
				);
				GCC_PRECOMPILE_PREFIX_HEADER = YES;
				GCC_PREFIX_HEADER = "iOSCoreLibrary/iOSCoreLibrary-Prefix.pch";
				ONLY_ACTIVE_ARCH = NO;
				OTHER_LDFLAGS = "-ObjC";
				PRODUCT_NAME = "$(TARGET_NAME)";
				PUBLIC_HEADERS_FOLDER_PATH = "include/$(TARGET_NAME)";
				SDKROOT = macosx;
				SKIP_INSTALL = YES;
			};
			name = Release;
		};
		AE174534177579F8007051FF /* Debug */ = {
			isa = XCBuildConfiguration;
			buildSettings = {
				COMBINE_HIDPI_IMAGES = YES;
				GCC_ENABLE_OBJC_EXCEPTIONS = YES;
				GCC_PRECOMPILE_PREFIX_HEADER = YES;
				GCC_PREFIX_HEADER = "iOSCoreLibraryBundle/iOSCoreLibraryBundle-Prefix.pch";
				GCC_WARN_64_TO_32_BIT_CONVERSION = YES;
				INFOPLIST_FILE = "iOSCoreLibraryBundle/iOSCoreLibraryBundle-Info.plist";
				INSTALL_PATH = "$(LOCAL_LIBRARY_DIR)/Bundles";
				MACOSX_DEPLOYMENT_TARGET = 10.8;
				ONLY_ACTIVE_ARCH = YES;
				PRODUCT_NAME = "$(TARGET_NAME)";
				SDKROOT = iphoneos;
				WRAPPER_EXTENSION = bundle;
			};
			name = Debug;
		};
		AE174535177579F8007051FF /* Release */ = {
			isa = XCBuildConfiguration;
			buildSettings = {
				COMBINE_HIDPI_IMAGES = YES;
				DEBUG_INFORMATION_FORMAT = "dwarf-with-dsym";
				GCC_ENABLE_OBJC_EXCEPTIONS = YES;
				GCC_PRECOMPILE_PREFIX_HEADER = YES;
				GCC_PREFIX_HEADER = "iOSCoreLibraryBundle/iOSCoreLibraryBundle-Prefix.pch";
				GCC_WARN_64_TO_32_BIT_CONVERSION = YES;
				INFOPLIST_FILE = "iOSCoreLibraryBundle/iOSCoreLibraryBundle-Info.plist";
				INSTALL_PATH = "$(LOCAL_LIBRARY_DIR)/Bundles";
				MACOSX_DEPLOYMENT_TARGET = 10.8;
				PRODUCT_NAME = "$(TARGET_NAME)";
				SDKROOT = iphoneos;
				WRAPPER_EXTENSION = bundle;
			};
			name = Release;
		};
/* End XCBuildConfiguration section */

/* Begin XCConfigurationList section */
		AE1744BF17755777007051FF /* Build configuration list for PBXProject "iOSCoreLibrary" */ = {
			isa = XCConfigurationList;
			buildConfigurations = (
				AE1744E717755778007051FF /* Debug */,
				AE1744E817755778007051FF /* Release */,
			);
			defaultConfigurationIsVisible = 0;
			defaultConfigurationName = Release;
		};
		AE1744E917755778007051FF /* Build configuration list for PBXNativeTarget "iOSCoreLibrary" */ = {
			isa = XCConfigurationList;
			buildConfigurations = (
				AE1744EA17755778007051FF /* Debug */,
				AE1744EB17755778007051FF /* Release */,
			);
			defaultConfigurationIsVisible = 0;
			defaultConfigurationName = Release;
		};
		AE174533177579F8007051FF /* Build configuration list for PBXNativeTarget "iOSCoreLibraryBundle" */ = {
			isa = XCConfigurationList;
			buildConfigurations = (
				AE174534177579F8007051FF /* Debug */,
				AE174535177579F8007051FF /* Release */,
			);
			defaultConfigurationIsVisible = 0;
			defaultConfigurationName = Release;
		};
/* End XCConfigurationList section */
	};
	rootObject = AE1744BC17755777007051FF /* Project object */;
}
